// !$*UTF8*$!
{
	archiveVersion = 1;
	classes = {
	};
	objectVersion = 46;
	objects = {

/* Begin PBXBuildFile section */
		00E356F31AD99517003FC87E /* MobileTests.m in Sources */ = {isa = PBXBuildFile; fileRef = 00E356F21AD99517003FC87E /* MobileTests.m */; };
		01B0046A884C43288FE90600 /* Proxima Nova Alt Extra Condensed Light.otf in Resources */ = {isa = PBXBuildFile; fileRef = 58FDA2EA9B2F4F20A12844F2 /* Proxima Nova Alt Extra Condensed Light.otf */; };
		0F5404E0562A4D98BAF11EBD /* PlayfairDisplay-SemiBold.ttf in Resources */ = {isa = PBXBuildFile; fileRef = 067D2E9F4FE2489EB1A46006 /* PlayfairDisplay-SemiBold.ttf */; };
		13B07FBC1A68108700A75B9A /* AppDelegate.m in Sources */ = {isa = PBXBuildFile; fileRef = 13B07FB01A68108700A75B9A /* AppDelegate.m */; };
		13B07FBF1A68108700A75B9A /* Images.xcassets in Resources */ = {isa = PBXBuildFile; fileRef = 13B07FB51A68108700A75B9A /* Images.xcassets */; };
		13B07FC11A68108700A75B9A /* main.m in Sources */ = {isa = PBXBuildFile; fileRef = 13B07FB71A68108700A75B9A /* main.m */; };
		173C004DE47F4987B2A593E1 /* Nunito-ExtraLightItalic.ttf in Resources */ = {isa = PBXBuildFile; fileRef = A7E4084C2AF24D4D8E56039D /* Nunito-ExtraLightItalic.ttf */; };
		190446EE6C0F4D9AA3BBF892 /* Proxima.ttf in Resources */ = {isa = PBXBuildFile; fileRef = D9885E9F69D947EBBC64D472 /* Proxima.ttf */; };
		1CFEDADA05094B9FB719AF92 /* Nunito-ExtraBoldItalic.ttf in Resources */ = {isa = PBXBuildFile; fileRef = 2886060E707C4AB7B550E657 /* Nunito-ExtraBoldItalic.ttf */; };
		1D616EA6082A8DEA38F40122 /* libPods-Mobile.a in Frameworks */ = {isa = PBXBuildFile; fileRef = D8B50A30C63CD8052C343A2F /* libPods-Mobile.a */; };
		2201B2AF17EA41AFBF741E51 /* Nunito-ExtraBold.ttf in Resources */ = {isa = PBXBuildFile; fileRef = B0CBF7D80B28415CB93E96E5 /* Nunito-ExtraBold.ttf */; };
		27C7A92FD4984DEAB63CEB85 /* PlayfairDisplay-Black.ttf in Resources */ = {isa = PBXBuildFile; fileRef = 61F43482CDAF4F839AFAC97B /* PlayfairDisplay-Black.ttf */; };
		282D12BE07984980BF13C906 /* Proxima Nova Alt Light.otf in Resources */ = {isa = PBXBuildFile; fileRef = 78DFCDD078E04292AA8ED511 /* Proxima Nova Alt Light.otf */; };
		2D02E4BC1E0B4A80006451C7 /* AppDelegate.m in Sources */ = {isa = PBXBuildFile; fileRef = 13B07FB01A68108700A75B9A /* AppDelegate.m */; };
		2D02E4BD1E0B4A84006451C7 /* Images.xcassets in Resources */ = {isa = PBXBuildFile; fileRef = 13B07FB51A68108700A75B9A /* Images.xcassets */; };
		2D02E4BF1E0B4AB3006451C7 /* main.m in Sources */ = {isa = PBXBuildFile; fileRef = 13B07FB71A68108700A75B9A /* main.m */; };
		2DCD954D1E0B4F2C00145EB5 /* MobileTests.m in Sources */ = {isa = PBXBuildFile; fileRef = 00E356F21AD99517003FC87E /* MobileTests.m */; };
		323BE6FED6140199551B4B50 /* libPods-Mobile-tvOSTests.a in Frameworks */ = {isa = PBXBuildFile; fileRef = 75DE1BF7BF14B9BC26FB2D27 /* libPods-Mobile-tvOSTests.a */; };
		48159370DED948B1A0B33EB6 /* PlayfairDisplay-BlackItalic.ttf in Resources */ = {isa = PBXBuildFile; fileRef = 72C23C36EAF04B9FA5B07742 /* PlayfairDisplay-BlackItalic.ttf */; };
		4CF6781DF5F14610BC4E2913 /* Proxima Nova Bold.otf in Resources */ = {isa = PBXBuildFile; fileRef = 7F91C4B0A34649A19122929A /* Proxima Nova Bold.otf */; };
		587E751146BA422BAEA20A31 /* Proxima Nova ScOsf Condensed Light.otf in Resources */ = {isa = PBXBuildFile; fileRef = 4CA42407323C42D8A3E7865C /* Proxima Nova ScOsf Condensed Light.otf */; };
		588B9F1166B84EBCAA4A9956 /* PlayfairDisplay-Regular.ttf in Resources */ = {isa = PBXBuildFile; fileRef = C314D4C7E0924C2BB55D7666 /* PlayfairDisplay-Regular.ttf */; };
		6D5747EAD59CD7B91EC13E10 /* libPods-Mobile-MobileTests.a in Frameworks */ = {isa = PBXBuildFile; fileRef = 6DEE663C207D347B92DDB5E7 /* libPods-Mobile-MobileTests.a */; };
		6EB520A8CB0C4E3FB9973510 /* Nunito-Regular.ttf in Resources */ = {isa = PBXBuildFile; fileRef = DC738A83AF0941EE856945D2 /* Nunito-Regular.ttf */; };
		6FEA05F8E1E64974A47FC080 /* Nunito-ExtraLight.ttf in Resources */ = {isa = PBXBuildFile; fileRef = 14E8BA9990514D1188641112 /* Nunito-ExtraLight.ttf */; };
		716A768279404288B798CFFE /* PlayfairDisplay-MediumItalic.ttf in Resources */ = {isa = PBXBuildFile; fileRef = 511A684BB1604551A54F183D /* PlayfairDisplay-MediumItalic.ttf */; };
		725EC9DCDCB942979AD724F2 /* Proxima Nova ScOsf Light.otf in Resources */ = {isa = PBXBuildFile; fileRef = 9ED978E963444DC8A5C417C3 /* Proxima Nova ScOsf Light.otf */; };
		733340315B8449B497082EC0 /* PlayfairDisplay-Italic.ttf in Resources */ = {isa = PBXBuildFile; fileRef = F0E8786754D64668AB244D8A /* PlayfairDisplay-Italic.ttf */; };
		74522E08409A46D290E24F38 /* Proxima Nova ScOsf Extra Condensed Light.otf in Resources */ = {isa = PBXBuildFile; fileRef = 39F3717235324C608BAF2E11 /* Proxima Nova ScOsf Extra Condensed Light.otf */; };
		74622FBA0A854FF8A781A801 /* Proxima Nova Black.otf in Resources */ = {isa = PBXBuildFile; fileRef = 0E09C77479D94F61AE2F27F6 /* Proxima Nova Black.otf */; };
		7CD4737E46BB4AACA7E67F9A /* Nunito-LightItalic.ttf in Resources */ = {isa = PBXBuildFile; fileRef = 23E5D6920F0D48F2B7233998 /* Nunito-LightItalic.ttf */; };
		7E2C728E253B3A4100E280FA /* Intents.framework in Frameworks */ = {isa = PBXBuildFile; fileRef = 7E2C728D253B3A4100E280FA /* Intents.framework */; };
		7E2C7290253B3A4700E280FA /* CallKit.framework in Frameworks */ = {isa = PBXBuildFile; fileRef = 7E2C728F253B3A4700E280FA /* CallKit.framework */; };
		7E2C7294253B53CC00E280FA /* PushKit.framework in Frameworks */ = {isa = PBXBuildFile; fileRef = 7E2C7293253B53CB00E280FA /* PushKit.framework */; };
		7ECE90F82557895A00ABC96F /* bridge.swift in Sources */ = {isa = PBXBuildFile; fileRef = 7ECE90F72557895A00ABC96F /* bridge.swift */; };
		7ECE90F92557895A00ABC96F /* bridge.swift in Sources */ = {isa = PBXBuildFile; fileRef = 7ECE90F72557895A00ABC96F /* bridge.swift */; };
		7EE7D49F25486E0F0096A11B /* libRNCallKeep.a in Frameworks */ = {isa = PBXBuildFile; fileRef = 7EE7D49E25486E0F0096A11B /* libRNCallKeep.a */; };
		7EE7D4A125486EAC0096A11B /* libRNVoipPushNotification.a in Frameworks */ = {isa = PBXBuildFile; fileRef = 7EE7D4A025486EAC0096A11B /* libRNVoipPushNotification.a */; };
		81AB9BB82411601600AC10FF /* LaunchScreen.storyboard in Resources */ = {isa = PBXBuildFile; fileRef = 81AB9BB72411601600AC10FF /* LaunchScreen.storyboard */; };
		8489B41D255ECA9F00193AC4 /* GoogleService-Info.plist in Resources */ = {isa = PBXBuildFile; fileRef = 8489B41C255ECA9F00193AC4 /* GoogleService-Info.plist */; };
		8A641181C9F3410D885D1CAB /* Nunito-Italic.ttf in Resources */ = {isa = PBXBuildFile; fileRef = 8F8820C2A4374CDB8BF05901 /* Nunito-Italic.ttf */; };
		8D30DAB346CF4F5EA6A64ED4 /* PlayfairDisplay-SemiBoldItalic.ttf in Resources */ = {isa = PBXBuildFile; fileRef = F3A07AEE7FBF48B18559CFDC /* PlayfairDisplay-SemiBoldItalic.ttf */; };
		8D32F963E222467AB19E57A6 /* Proxima Nova Alt Condensed Light.otf in Resources */ = {isa = PBXBuildFile; fileRef = A6FBCA745AB9422084CE9F98 /* Proxima Nova Alt Condensed Light.otf */; };
		8E347CE5242245AA9428C8B1 /* Nunito-BlackItalic.ttf in Resources */ = {isa = PBXBuildFile; fileRef = 40D9BA86412E453BAFDB65CB /* Nunito-BlackItalic.ttf */; };
		92B15FB0A5C74080A7C988DB /* Proxima Nova Condensed Light.otf in Resources */ = {isa = PBXBuildFile; fileRef = 3B5BC9C8EAFA445FAA371A54 /* Proxima Nova Condensed Light.otf */; };
		99EC24C2124F4B00BDBBEAF8 /* PlayfairDisplay-BoldItalic.ttf in Resources */ = {isa = PBXBuildFile; fileRef = 90DCBF5AAAF142009CA8C767 /* PlayfairDisplay-BoldItalic.ttf */; };
		9ED4F36E52524A68BE7DC697 /* PlayfairDisplay-Bold.ttf in Resources */ = {isa = PBXBuildFile; fileRef = EB6D2434D10649569DBBD842 /* PlayfairDisplay-Bold.ttf */; };
		A797D7DE6FA1416BBEEDA6C0 /* PlayfairDisplay-Medium.ttf in Resources */ = {isa = PBXBuildFile; fileRef = FB6B4416FF6E403EB1CF8FC0 /* PlayfairDisplay-Medium.ttf */; };
		AB9EB6E20C394D5BBB764C94 /* Nunito-Bold.ttf in Resources */ = {isa = PBXBuildFile; fileRef = 5C8C583D0EDE45F59390BAFD /* Nunito-Bold.ttf */; };
		B4804C2052A34EAABAC83BBB /* PlayfairDisplay-ExtraBold.ttf in Resources */ = {isa = PBXBuildFile; fileRef = 9144377F262546F58C25EB0C /* PlayfairDisplay-ExtraBold.ttf */; };
		B5E5C3B53778481BA5D3C490 /* Nunito-SemiBold.ttf in Resources */ = {isa = PBXBuildFile; fileRef = EA8F6662596F4972A539D995 /* Nunito-SemiBold.ttf */; };
		BEF0DBABDE414854B8BCC871 /* Proxima Nova Thin.otf in Resources */ = {isa = PBXBuildFile; fileRef = EEA876A86965413AB3581BD9 /* Proxima Nova Thin.otf */; };
		C225CA3B1D9849A0858B2E80 /* Nunito-Light.ttf in Resources */ = {isa = PBXBuildFile; fileRef = 5C87F79BDEDC49E1844BB56C /* Nunito-Light.ttf */; };
		C5626C3C24D540C08D45A30B /* Proxima Nova Extrabold.otf in Resources */ = {isa = PBXBuildFile; fileRef = 062A93E69B094060894DDDCA /* Proxima Nova Extrabold.otf */; };
		CDB80A2028C047F48EB6156B /* Proxima Nova Extra Condensed Light.otf in Resources */ = {isa = PBXBuildFile; fileRef = 7837B686E03C4EB89021ED2D /* Proxima Nova Extra Condensed Light.otf */; };
		D597F7EF31344F8E8D715057 /* Proxima Nova Regular.otf in Resources */ = {isa = PBXBuildFile; fileRef = 9B1C93B20CB146D195B425D4 /* Proxima Nova Regular.otf */; };
		DD4DEB4AD869403F9B43D359 /* Nunito-BoldItalic.ttf in Resources */ = {isa = PBXBuildFile; fileRef = 6AD64B85E8024409B62E17DE /* Nunito-BoldItalic.ttf */; };
		E10B6C693D5341EE9AE6F569 /* PlayfairDisplay-ExtraBoldItalic.ttf in Resources */ = {isa = PBXBuildFile; fileRef = 28D0D5A59CAC4E34A573E1D3 /* PlayfairDisplay-ExtraBoldItalic.ttf */; };
		E3A87B700E2841B89E3679C1 /* Nunito-SemiBoldItalic.ttf in Resources */ = {isa = PBXBuildFile; fileRef = AE893D98A3EE4E018D5A5711 /* Nunito-SemiBoldItalic.ttf */; };
		EBC6C953B2AA450D9AE779E7 /* Nunito-Black.ttf in Resources */ = {isa = PBXBuildFile; fileRef = F9F47D3EB57546D58BE29C9B /* Nunito-Black.ttf */; };
		FB97C6DE2818C4B0F4BA01E8 /* libPods-Mobile-tvOS.a in Frameworks */ = {isa = PBXBuildFile; fileRef = 85A2058A2825E31FA88D8FB3 /* libPods-Mobile-tvOS.a */; };
/* End PBXBuildFile section */

/* Begin PBXContainerItemProxy section */
		00E356F41AD99517003FC87E /* PBXContainerItemProxy */ = {
			isa = PBXContainerItemProxy;
			containerPortal = 83CBB9F71A601CBA00E9B192 /* Project object */;
			proxyType = 1;
			remoteGlobalIDString = 13B07F861A680F5B00A75B9A;
			remoteInfo = Mobile;
		};
		2D02E4911E0B4A5D006451C7 /* PBXContainerItemProxy */ = {
			isa = PBXContainerItemProxy;
			containerPortal = 83CBB9F71A601CBA00E9B192 /* Project object */;
			proxyType = 1;
			remoteGlobalIDString = 2D02E47A1E0B4A5D006451C7;
			remoteInfo = "Mobile-tvOS";
		};
/* End PBXContainerItemProxy section */

/* Begin PBXFileReference section */
		008F07F21AC5B25A0029DE68 /* main.jsbundle */ = {isa = PBXFileReference; fileEncoding = 4; lastKnownFileType = text; path = main.jsbundle; sourceTree = "<group>"; };
		00E356EE1AD99517003FC87E /* MobileTests.xctest */ = {isa = PBXFileReference; explicitFileType = wrapper.cfbundle; includeInIndex = 0; path = MobileTests.xctest; sourceTree = BUILT_PRODUCTS_DIR; };
		00E356F11AD99517003FC87E /* Info.plist */ = {isa = PBXFileReference; lastKnownFileType = text.plist.xml; path = Info.plist; sourceTree = "<group>"; };
		00E356F21AD99517003FC87E /* MobileTests.m */ = {isa = PBXFileReference; lastKnownFileType = sourcecode.c.objc; path = MobileTests.m; sourceTree = "<group>"; };
		062A93E69B094060894DDDCA /* Proxima Nova Extrabold.otf */ = {isa = PBXFileReference; explicitFileType = undefined; fileEncoding = 9; includeInIndex = 0; lastKnownFileType = unknown; name = "Proxima Nova Extrabold.otf"; path = "../assets/fonts/Proxima Nova Extrabold.otf"; sourceTree = "<group>"; };
		067D2E9F4FE2489EB1A46006 /* PlayfairDisplay-SemiBold.ttf */ = {isa = PBXFileReference; explicitFileType = undefined; fileEncoding = 9; includeInIndex = 0; lastKnownFileType = unknown; name = "PlayfairDisplay-SemiBold.ttf"; path = "../assets/fonts/PlayfairDisplay-SemiBold.ttf"; sourceTree = "<group>"; };
		0E09C77479D94F61AE2F27F6 /* Proxima Nova Black.otf */ = {isa = PBXFileReference; explicitFileType = undefined; fileEncoding = 9; includeInIndex = 0; lastKnownFileType = unknown; name = "Proxima Nova Black.otf"; path = "../assets/fonts/Proxima Nova Black.otf"; sourceTree = "<group>"; };
		0F57D22DE7204CCD86099C42 /* Ionicons.ttf */ = {isa = PBXFileReference; explicitFileType = undefined; fileEncoding = 9; includeInIndex = 0; lastKnownFileType = unknown; name = Ionicons.ttf; path = "../node_modules/react-native-vector-icons/Fonts/Ionicons.ttf"; sourceTree = "<group>"; };
		13B07F961A680F5B00A75B9A /* Dapp Premium.app */ = {isa = PBXFileReference; explicitFileType = wrapper.application; includeInIndex = 0; path = "Dapp Premium.app"; sourceTree = BUILT_PRODUCTS_DIR; };
		13B07FAF1A68108700A75B9A /* AppDelegate.h */ = {isa = PBXFileReference; fileEncoding = 4; lastKnownFileType = sourcecode.c.h; name = AppDelegate.h; path = Mobile/AppDelegate.h; sourceTree = "<group>"; };
		13B07FB01A68108700A75B9A /* AppDelegate.m */ = {isa = PBXFileReference; fileEncoding = 4; lastKnownFileType = sourcecode.c.objc; name = AppDelegate.m; path = Mobile/AppDelegate.m; sourceTree = "<group>"; };
		13B07FB51A68108700A75B9A /* Images.xcassets */ = {isa = PBXFileReference; lastKnownFileType = folder.assetcatalog; name = Images.xcassets; path = Mobile/Images.xcassets; sourceTree = "<group>"; };
		13B07FB61A68108700A75B9A /* Info.plist */ = {isa = PBXFileReference; fileEncoding = 4; lastKnownFileType = text.plist.xml; name = Info.plist; path = Mobile/Info.plist; sourceTree = "<group>"; };
		13B07FB71A68108700A75B9A /* main.m */ = {isa = PBXFileReference; fileEncoding = 4; lastKnownFileType = sourcecode.c.objc; name = main.m; path = Mobile/main.m; sourceTree = "<group>"; };
		14E8BA9990514D1188641112 /* Nunito-ExtraLight.ttf */ = {isa = PBXFileReference; explicitFileType = undefined; fileEncoding = 9; includeInIndex = 0; lastKnownFileType = unknown; name = "Nunito-ExtraLight.ttf"; path = "../assets/fonts/Nunito-ExtraLight.ttf"; sourceTree = "<group>"; };
		23E5D6920F0D48F2B7233998 /* Nunito-LightItalic.ttf */ = {isa = PBXFileReference; explicitFileType = undefined; fileEncoding = 9; includeInIndex = 0; lastKnownFileType = unknown; name = "Nunito-LightItalic.ttf"; path = "../assets/fonts/Nunito-LightItalic.ttf"; sourceTree = "<group>"; };
		2886060E707C4AB7B550E657 /* Nunito-ExtraBoldItalic.ttf */ = {isa = PBXFileReference; explicitFileType = undefined; fileEncoding = 9; includeInIndex = 0; lastKnownFileType = unknown; name = "Nunito-ExtraBoldItalic.ttf"; path = "../assets/fonts/Nunito-ExtraBoldItalic.ttf"; sourceTree = "<group>"; };
		28D0D5A59CAC4E34A573E1D3 /* PlayfairDisplay-ExtraBoldItalic.ttf */ = {isa = PBXFileReference; explicitFileType = undefined; fileEncoding = 9; includeInIndex = 0; lastKnownFileType = unknown; name = "PlayfairDisplay-ExtraBoldItalic.ttf"; path = "../assets/fonts/PlayfairDisplay-ExtraBoldItalic.ttf"; sourceTree = "<group>"; };
		291EC395E50B4FE6B2E715A2 /* Fontisto.ttf */ = {isa = PBXFileReference; explicitFileType = undefined; fileEncoding = 9; includeInIndex = 0; lastKnownFileType = unknown; name = Fontisto.ttf; path = "../node_modules/react-native-vector-icons/Fonts/Fontisto.ttf"; sourceTree = "<group>"; };
		2D02E47B1E0B4A5D006451C7 /* Mobile-tvOS.app */ = {isa = PBXFileReference; explicitFileType = wrapper.application; includeInIndex = 0; path = "Mobile-tvOS.app"; sourceTree = BUILT_PRODUCTS_DIR; };
		2D02E4901E0B4A5D006451C7 /* Mobile-tvOSTests.xctest */ = {isa = PBXFileReference; explicitFileType = wrapper.cfbundle; includeInIndex = 0; path = "Mobile-tvOSTests.xctest"; sourceTree = BUILT_PRODUCTS_DIR; };
		2FA4C03DCC134EE5BC14128D /* Entypo.ttf */ = {isa = PBXFileReference; explicitFileType = undefined; fileEncoding = 9; includeInIndex = 0; lastKnownFileType = unknown; name = Entypo.ttf; path = "../node_modules/react-native-vector-icons/Fonts/Entypo.ttf"; sourceTree = "<group>"; };
		349BB3E75F45CBFC10C95267 /* Pods-Mobile-tvOSTests.release.xcconfig */ = {isa = PBXFileReference; includeInIndex = 1; lastKnownFileType = text.xcconfig; name = "Pods-Mobile-tvOSTests.release.xcconfig"; path = "Target Support Files/Pods-Mobile-tvOSTests/Pods-Mobile-tvOSTests.release.xcconfig"; sourceTree = "<group>"; };
		39F3717235324C608BAF2E11 /* Proxima Nova ScOsf Extra Condensed Light.otf */ = {isa = PBXFileReference; explicitFileType = undefined; fileEncoding = 9; includeInIndex = 0; lastKnownFileType = unknown; name = "Proxima Nova ScOsf Extra Condensed Light.otf"; path = "../assets/fonts/Proxima Nova ScOsf Extra Condensed Light.otf"; sourceTree = "<group>"; };
		3B5BC9C8EAFA445FAA371A54 /* Proxima Nova Condensed Light.otf */ = {isa = PBXFileReference; explicitFileType = undefined; fileEncoding = 9; includeInIndex = 0; lastKnownFileType = unknown; name = "Proxima Nova Condensed Light.otf"; path = "../assets/fonts/Proxima Nova Condensed Light.otf"; sourceTree = "<group>"; };
		3F2E5984A5C54B9AB71BA668 /* SimpleLineIcons.ttf */ = {isa = PBXFileReference; explicitFileType = undefined; fileEncoding = 9; includeInIndex = 0; lastKnownFileType = unknown; name = SimpleLineIcons.ttf; path = "../node_modules/react-native-vector-icons/Fonts/SimpleLineIcons.ttf"; sourceTree = "<group>"; };
		40D9BA86412E453BAFDB65CB /* Nunito-BlackItalic.ttf */ = {isa = PBXFileReference; explicitFileType = undefined; fileEncoding = 9; includeInIndex = 0; lastKnownFileType = unknown; name = "Nunito-BlackItalic.ttf"; path = "../assets/fonts/Nunito-BlackItalic.ttf"; sourceTree = "<group>"; };
		445F0C3641B34230A7B80308 /* FontAwesome5_Regular.ttf */ = {isa = PBXFileReference; explicitFileType = undefined; fileEncoding = 9; includeInIndex = 0; lastKnownFileType = unknown; name = FontAwesome5_Regular.ttf; path = "../node_modules/react-native-vector-icons/Fonts/FontAwesome5_Regular.ttf"; sourceTree = "<group>"; };
		4CA42407323C42D8A3E7865C /* Proxima Nova ScOsf Condensed Light.otf */ = {isa = PBXFileReference; explicitFileType = undefined; fileEncoding = 9; includeInIndex = 0; lastKnownFileType = unknown; name = "Proxima Nova ScOsf Condensed Light.otf"; path = "../assets/fonts/Proxima Nova ScOsf Condensed Light.otf"; sourceTree = "<group>"; };
		511A684BB1604551A54F183D /* PlayfairDisplay-MediumItalic.ttf */ = {isa = PBXFileReference; explicitFileType = undefined; fileEncoding = 9; includeInIndex = 0; lastKnownFileType = unknown; name = "PlayfairDisplay-MediumItalic.ttf"; path = "../assets/fonts/PlayfairDisplay-MediumItalic.ttf"; sourceTree = "<group>"; };
		581C58185067E6022B284081 /* Pods-Mobile.release.xcconfig */ = {isa = PBXFileReference; includeInIndex = 1; lastKnownFileType = text.xcconfig; name = "Pods-Mobile.release.xcconfig"; path = "Target Support Files/Pods-Mobile/Pods-Mobile.release.xcconfig"; sourceTree = "<group>"; };
		58FDA2EA9B2F4F20A12844F2 /* Proxima Nova Alt Extra Condensed Light.otf */ = {isa = PBXFileReference; explicitFileType = undefined; fileEncoding = 9; includeInIndex = 0; lastKnownFileType = unknown; name = "Proxima Nova Alt Extra Condensed Light.otf"; path = "../assets/fonts/Proxima Nova Alt Extra Condensed Light.otf"; sourceTree = "<group>"; };
		5C87F79BDEDC49E1844BB56C /* Nunito-Light.ttf */ = {isa = PBXFileReference; explicitFileType = undefined; fileEncoding = 9; includeInIndex = 0; lastKnownFileType = unknown; name = "Nunito-Light.ttf"; path = "../assets/fonts/Nunito-Light.ttf"; sourceTree = "<group>"; };
		5C8C583D0EDE45F59390BAFD /* Nunito-Bold.ttf */ = {isa = PBXFileReference; explicitFileType = undefined; fileEncoding = 9; includeInIndex = 0; lastKnownFileType = unknown; name = "Nunito-Bold.ttf"; path = "../assets/fonts/Nunito-Bold.ttf"; sourceTree = "<group>"; };
		61722B4764534E64B19C75AD /* Zocial.ttf */ = {isa = PBXFileReference; explicitFileType = undefined; fileEncoding = 9; includeInIndex = 0; lastKnownFileType = unknown; name = Zocial.ttf; path = "../node_modules/react-native-vector-icons/Fonts/Zocial.ttf"; sourceTree = "<group>"; };
		61F43482CDAF4F839AFAC97B /* PlayfairDisplay-Black.ttf */ = {isa = PBXFileReference; explicitFileType = undefined; fileEncoding = 9; includeInIndex = 0; lastKnownFileType = unknown; name = "PlayfairDisplay-Black.ttf"; path = "../assets/fonts/PlayfairDisplay-Black.ttf"; sourceTree = "<group>"; };
		6AD64B85E8024409B62E17DE /* Nunito-BoldItalic.ttf */ = {isa = PBXFileReference; explicitFileType = undefined; fileEncoding = 9; includeInIndex = 0; lastKnownFileType = unknown; name = "Nunito-BoldItalic.ttf"; path = "../assets/fonts/Nunito-BoldItalic.ttf"; sourceTree = "<group>"; };
		6DEE663C207D347B92DDB5E7 /* libPods-Mobile-MobileTests.a */ = {isa = PBXFileReference; explicitFileType = archive.ar; includeInIndex = 0; path = "libPods-Mobile-MobileTests.a"; sourceTree = BUILT_PRODUCTS_DIR; };
		7095D4F687AF46428D4BF468 /* EvilIcons.ttf */ = {isa = PBXFileReference; explicitFileType = undefined; fileEncoding = 9; includeInIndex = 0; lastKnownFileType = unknown; name = EvilIcons.ttf; path = "../node_modules/react-native-vector-icons/Fonts/EvilIcons.ttf"; sourceTree = "<group>"; };
		72C23C36EAF04B9FA5B07742 /* PlayfairDisplay-BlackItalic.ttf */ = {isa = PBXFileReference; explicitFileType = undefined; fileEncoding = 9; includeInIndex = 0; lastKnownFileType = unknown; name = "PlayfairDisplay-BlackItalic.ttf"; path = "../assets/fonts/PlayfairDisplay-BlackItalic.ttf"; sourceTree = "<group>"; };
		74C39DC1F24B4FA78225C2A8 /* MaterialIcons.ttf */ = {isa = PBXFileReference; explicitFileType = undefined; fileEncoding = 9; includeInIndex = 0; lastKnownFileType = unknown; name = MaterialIcons.ttf; path = "../node_modules/react-native-vector-icons/Fonts/MaterialIcons.ttf"; sourceTree = "<group>"; };
		75DE1BF7BF14B9BC26FB2D27 /* libPods-Mobile-tvOSTests.a */ = {isa = PBXFileReference; explicitFileType = archive.ar; includeInIndex = 0; path = "libPods-Mobile-tvOSTests.a"; sourceTree = BUILT_PRODUCTS_DIR; };
		7837B686E03C4EB89021ED2D /* Proxima Nova Extra Condensed Light.otf */ = {isa = PBXFileReference; explicitFileType = undefined; fileEncoding = 9; includeInIndex = 0; lastKnownFileType = unknown; name = "Proxima Nova Extra Condensed Light.otf"; path = "../assets/fonts/Proxima Nova Extra Condensed Light.otf"; sourceTree = "<group>"; };
		78DFCDD078E04292AA8ED511 /* Proxima Nova Alt Light.otf */ = {isa = PBXFileReference; explicitFileType = undefined; fileEncoding = 9; includeInIndex = 0; lastKnownFileType = unknown; name = "Proxima Nova Alt Light.otf"; path = "../assets/fonts/Proxima Nova Alt Light.otf"; sourceTree = "<group>"; };
		7E2C728D253B3A4100E280FA /* Intents.framework */ = {isa = PBXFileReference; lastKnownFileType = wrapper.framework; name = Intents.framework; path = System/Library/Frameworks/Intents.framework; sourceTree = SDKROOT; };
		7E2C728F253B3A4700E280FA /* CallKit.framework */ = {isa = PBXFileReference; lastKnownFileType = wrapper.framework; name = CallKit.framework; path = System/Library/Frameworks/CallKit.framework; sourceTree = SDKROOT; };
		7E2C7293253B53CB00E280FA /* PushKit.framework */ = {isa = PBXFileReference; lastKnownFileType = wrapper.framework; name = PushKit.framework; path = System/Library/Frameworks/PushKit.framework; sourceTree = SDKROOT; };
		7E5FA75D87FA45E78E9FC1E3 /* Foundation.ttf */ = {isa = PBXFileReference; explicitFileType = undefined; fileEncoding = 9; includeInIndex = 0; lastKnownFileType = unknown; name = Foundation.ttf; path = "../node_modules/react-native-vector-icons/Fonts/Foundation.ttf"; sourceTree = "<group>"; };
		7ECE90F52557895900ABC96F /* Mobile-Bridging-Header.h */ = {isa = PBXFileReference; lastKnownFileType = sourcecode.c.h; path = "Mobile-Bridging-Header.h"; sourceTree = "<group>"; };
		7ECE90F62557895900ABC96F /* Mobile-tvOS-Bridging-Header.h */ = {isa = PBXFileReference; lastKnownFileType = sourcecode.c.h; path = "Mobile-tvOS-Bridging-Header.h"; sourceTree = "<group>"; };
		7ECE90F72557895A00ABC96F /* bridge.swift */ = {isa = PBXFileReference; lastKnownFileType = sourcecode.swift; path = bridge.swift; sourceTree = "<group>"; };
		7EE7D49E25486E0F0096A11B /* libRNCallKeep.a */ = {isa = PBXFileReference; explicitFileType = archive.ar; path = libRNCallKeep.a; sourceTree = BUILT_PRODUCTS_DIR; };
		7EE7D4A025486EAC0096A11B /* libRNVoipPushNotification.a */ = {isa = PBXFileReference; explicitFileType = archive.ar; path = libRNVoipPushNotification.a; sourceTree = BUILT_PRODUCTS_DIR; };
		7F91C4B0A34649A19122929A /* Proxima Nova Bold.otf */ = {isa = PBXFileReference; explicitFileType = undefined; fileEncoding = 9; includeInIndex = 0; lastKnownFileType = unknown; name = "Proxima Nova Bold.otf"; path = "../assets/fonts/Proxima Nova Bold.otf"; sourceTree = "<group>"; };
		81AB9BB72411601600AC10FF /* LaunchScreen.storyboard */ = {isa = PBXFileReference; fileEncoding = 4; lastKnownFileType = file.storyboard; name = LaunchScreen.storyboard; path = Mobile/LaunchScreen.storyboard; sourceTree = "<group>"; };
		825C83331951C13D6F0ACE85 /* Pods-Mobile-tvOS.debug.xcconfig */ = {isa = PBXFileReference; includeInIndex = 1; lastKnownFileType = text.xcconfig; name = "Pods-Mobile-tvOS.debug.xcconfig"; path = "Target Support Files/Pods-Mobile-tvOS/Pods-Mobile-tvOS.debug.xcconfig"; sourceTree = "<group>"; };
		8489B41C255ECA9F00193AC4 /* GoogleService-Info.plist */ = {isa = PBXFileReference; fileEncoding = 4; lastKnownFileType = text.plist.xml; path = "GoogleService-Info.plist"; sourceTree = "<group>"; };
		85A2058A2825E31FA88D8FB3 /* libPods-Mobile-tvOS.a */ = {isa = PBXFileReference; explicitFileType = archive.ar; includeInIndex = 0; path = "libPods-Mobile-tvOS.a"; sourceTree = BUILT_PRODUCTS_DIR; };
		8B17CB7A259C4D51BBCDB3BA /* FontAwesome.ttf */ = {isa = PBXFileReference; explicitFileType = undefined; fileEncoding = 9; includeInIndex = 0; lastKnownFileType = unknown; name = FontAwesome.ttf; path = "../node_modules/react-native-vector-icons/Fonts/FontAwesome.ttf"; sourceTree = "<group>"; };
		8F8820C2A4374CDB8BF05901 /* Nunito-Italic.ttf */ = {isa = PBXFileReference; explicitFileType = undefined; fileEncoding = 9; includeInIndex = 0; lastKnownFileType = unknown; name = "Nunito-Italic.ttf"; path = "../assets/fonts/Nunito-Italic.ttf"; sourceTree = "<group>"; };
		90DCBF5AAAF142009CA8C767 /* PlayfairDisplay-BoldItalic.ttf */ = {isa = PBXFileReference; explicitFileType = undefined; fileEncoding = 9; includeInIndex = 0; lastKnownFileType = unknown; name = "PlayfairDisplay-BoldItalic.ttf"; path = "../assets/fonts/PlayfairDisplay-BoldItalic.ttf"; sourceTree = "<group>"; };
		9144377F262546F58C25EB0C /* PlayfairDisplay-ExtraBold.ttf */ = {isa = PBXFileReference; explicitFileType = undefined; fileEncoding = 9; includeInIndex = 0; lastKnownFileType = unknown; name = "PlayfairDisplay-ExtraBold.ttf"; path = "../assets/fonts/PlayfairDisplay-ExtraBold.ttf"; sourceTree = "<group>"; };
		95FDDAFCF1B6277FD19BF669 /* Pods-Mobile-tvOS.release.xcconfig */ = {isa = PBXFileReference; includeInIndex = 1; lastKnownFileType = text.xcconfig; name = "Pods-Mobile-tvOS.release.xcconfig"; path = "Target Support Files/Pods-Mobile-tvOS/Pods-Mobile-tvOS.release.xcconfig"; sourceTree = "<group>"; };
		991E6E505BF44E14BF0A15DC /* MaterialCommunityIcons.ttf */ = {isa = PBXFileReference; explicitFileType = undefined; fileEncoding = 9; includeInIndex = 0; lastKnownFileType = unknown; name = MaterialCommunityIcons.ttf; path = "../node_modules/react-native-vector-icons/Fonts/MaterialCommunityIcons.ttf"; sourceTree = "<group>"; };
		9B1C93B20CB146D195B425D4 /* Proxima Nova Regular.otf */ = {isa = PBXFileReference; explicitFileType = undefined; fileEncoding = 9; includeInIndex = 0; lastKnownFileType = unknown; name = "Proxima Nova Regular.otf"; path = "../assets/fonts/Proxima Nova Regular.otf"; sourceTree = "<group>"; };
		9ED978E963444DC8A5C417C3 /* Proxima Nova ScOsf Light.otf */ = {isa = PBXFileReference; explicitFileType = undefined; fileEncoding = 9; includeInIndex = 0; lastKnownFileType = unknown; name = "Proxima Nova ScOsf Light.otf"; path = "../assets/fonts/Proxima Nova ScOsf Light.otf"; sourceTree = "<group>"; };
		A6FBCA745AB9422084CE9F98 /* Proxima Nova Alt Condensed Light.otf */ = {isa = PBXFileReference; explicitFileType = undefined; fileEncoding = 9; includeInIndex = 0; lastKnownFileType = unknown; name = "Proxima Nova Alt Condensed Light.otf"; path = "../assets/fonts/Proxima Nova Alt Condensed Light.otf"; sourceTree = "<group>"; };
		A7E4084C2AF24D4D8E56039D /* Nunito-ExtraLightItalic.ttf */ = {isa = PBXFileReference; explicitFileType = undefined; fileEncoding = 9; includeInIndex = 0; lastKnownFileType = unknown; name = "Nunito-ExtraLightItalic.ttf"; path = "../assets/fonts/Nunito-ExtraLightItalic.ttf"; sourceTree = "<group>"; };
		AE893D98A3EE4E018D5A5711 /* Nunito-SemiBoldItalic.ttf */ = {isa = PBXFileReference; explicitFileType = undefined; fileEncoding = 9; includeInIndex = 0; lastKnownFileType = unknown; name = "Nunito-SemiBoldItalic.ttf"; path = "../assets/fonts/Nunito-SemiBoldItalic.ttf"; sourceTree = "<group>"; };
		B0CBF7D80B28415CB93E96E5 /* Nunito-ExtraBold.ttf */ = {isa = PBXFileReference; explicitFileType = undefined; fileEncoding = 9; includeInIndex = 0; lastKnownFileType = unknown; name = "Nunito-ExtraBold.ttf"; path = "../assets/fonts/Nunito-ExtraBold.ttf"; sourceTree = "<group>"; };
		C1CA837EA2EF4EC4A213723A /* Feather.ttf */ = {isa = PBXFileReference; explicitFileType = undefined; fileEncoding = 9; includeInIndex = 0; lastKnownFileType = unknown; name = Feather.ttf; path = "../node_modules/react-native-vector-icons/Fonts/Feather.ttf"; sourceTree = "<group>"; };
		C26D49AAE98743F298540C75 /* FontAwesome5_Solid.ttf */ = {isa = PBXFileReference; explicitFileType = undefined; fileEncoding = 9; includeInIndex = 0; lastKnownFileType = unknown; name = FontAwesome5_Solid.ttf; path = "../node_modules/react-native-vector-icons/Fonts/FontAwesome5_Solid.ttf"; sourceTree = "<group>"; };
		C314D4C7E0924C2BB55D7666 /* PlayfairDisplay-Regular.ttf */ = {isa = PBXFileReference; explicitFileType = undefined; fileEncoding = 9; includeInIndex = 0; lastKnownFileType = unknown; name = "PlayfairDisplay-Regular.ttf"; path = "../assets/fonts/PlayfairDisplay-Regular.ttf"; sourceTree = "<group>"; };
		C3BE5C7FF8A345D3A5A97184 /* AntDesign.ttf */ = {isa = PBXFileReference; explicitFileType = undefined; fileEncoding = 9; includeInIndex = 0; lastKnownFileType = unknown; name = AntDesign.ttf; path = "../node_modules/react-native-vector-icons/Fonts/AntDesign.ttf"; sourceTree = "<group>"; };
		D8B50A30C63CD8052C343A2F /* libPods-Mobile.a */ = {isa = PBXFileReference; explicitFileType = archive.ar; includeInIndex = 0; path = "libPods-Mobile.a"; sourceTree = BUILT_PRODUCTS_DIR; };
		D9885E9F69D947EBBC64D472 /* Proxima.ttf */ = {isa = PBXFileReference; explicitFileType = undefined; fileEncoding = 9; includeInIndex = 0; lastKnownFileType = unknown; name = Proxima.ttf; path = ../assets/fonts/Proxima.ttf; sourceTree = "<group>"; };
		DC738A83AF0941EE856945D2 /* Nunito-Regular.ttf */ = {isa = PBXFileReference; explicitFileType = undefined; fileEncoding = 9; includeInIndex = 0; lastKnownFileType = unknown; name = "Nunito-Regular.ttf"; path = "../assets/fonts/Nunito-Regular.ttf"; sourceTree = "<group>"; };
		DD6B5674D7A74221CF094B80 /* Pods-Mobile.debug.xcconfig */ = {isa = PBXFileReference; includeInIndex = 1; lastKnownFileType = text.xcconfig; name = "Pods-Mobile.debug.xcconfig"; path = "Target Support Files/Pods-Mobile/Pods-Mobile.debug.xcconfig"; sourceTree = "<group>"; };
		E5721FB36F87470CB80B425F /* FontAwesome5_Brands.ttf */ = {isa = PBXFileReference; explicitFileType = undefined; fileEncoding = 9; includeInIndex = 0; lastKnownFileType = unknown; name = FontAwesome5_Brands.ttf; path = "../node_modules/react-native-vector-icons/Fonts/FontAwesome5_Brands.ttf"; sourceTree = "<group>"; };
		EA8F6662596F4972A539D995 /* Nunito-SemiBold.ttf */ = {isa = PBXFileReference; explicitFileType = undefined; fileEncoding = 9; includeInIndex = 0; lastKnownFileType = unknown; name = "Nunito-SemiBold.ttf"; path = "../assets/fonts/Nunito-SemiBold.ttf"; sourceTree = "<group>"; };
		EB6D2434D10649569DBBD842 /* PlayfairDisplay-Bold.ttf */ = {isa = PBXFileReference; explicitFileType = undefined; fileEncoding = 9; includeInIndex = 0; lastKnownFileType = unknown; name = "PlayfairDisplay-Bold.ttf"; path = "../assets/fonts/PlayfairDisplay-Bold.ttf"; sourceTree = "<group>"; };
		ECB279FB3C87FFA89C61761E /* Pods-Mobile-MobileTests.release.xcconfig */ = {isa = PBXFileReference; includeInIndex = 1; lastKnownFileType = text.xcconfig; name = "Pods-Mobile-MobileTests.release.xcconfig"; path = "Target Support Files/Pods-Mobile-MobileTests/Pods-Mobile-MobileTests.release.xcconfig"; sourceTree = "<group>"; };
		ED297162215061F000B7C4FE /* JavaScriptCore.framework */ = {isa = PBXFileReference; lastKnownFileType = wrapper.framework; name = JavaScriptCore.framework; path = System/Library/Frameworks/JavaScriptCore.framework; sourceTree = SDKROOT; };
		ED2971642150620600B7C4FE /* JavaScriptCore.framework */ = {isa = PBXFileReference; lastKnownFileType = wrapper.framework; name = JavaScriptCore.framework; path = Platforms/AppleTVOS.platform/Developer/SDKs/AppleTVOS12.0.sdk/System/Library/Frameworks/JavaScriptCore.framework; sourceTree = DEVELOPER_DIR; };
		EEA876A86965413AB3581BD9 /* Proxima Nova Thin.otf */ = {isa = PBXFileReference; explicitFileType = undefined; fileEncoding = 9; includeInIndex = 0; lastKnownFileType = unknown; name = "Proxima Nova Thin.otf"; path = "../assets/fonts/Proxima Nova Thin.otf"; sourceTree = "<group>"; };
		F0E8786754D64668AB244D8A /* PlayfairDisplay-Italic.ttf */ = {isa = PBXFileReference; explicitFileType = undefined; fileEncoding = 9; includeInIndex = 0; lastKnownFileType = unknown; name = "PlayfairDisplay-Italic.ttf"; path = "../assets/fonts/PlayfairDisplay-Italic.ttf"; sourceTree = "<group>"; };
		F1C55B79320F2CE3FEBA50D4 /* Pods-Mobile-MobileTests.debug.xcconfig */ = {isa = PBXFileReference; includeInIndex = 1; lastKnownFileType = text.xcconfig; name = "Pods-Mobile-MobileTests.debug.xcconfig"; path = "Target Support Files/Pods-Mobile-MobileTests/Pods-Mobile-MobileTests.debug.xcconfig"; sourceTree = "<group>"; };
		F3A07AEE7FBF48B18559CFDC /* PlayfairDisplay-SemiBoldItalic.ttf */ = {isa = PBXFileReference; explicitFileType = undefined; fileEncoding = 9; includeInIndex = 0; lastKnownFileType = unknown; name = "PlayfairDisplay-SemiBoldItalic.ttf"; path = "../assets/fonts/PlayfairDisplay-SemiBoldItalic.ttf"; sourceTree = "<group>"; };
		F54189546E4F3A954902ED9B /* Pods-Mobile-tvOSTests.debug.xcconfig */ = {isa = PBXFileReference; includeInIndex = 1; lastKnownFileType = text.xcconfig; name = "Pods-Mobile-tvOSTests.debug.xcconfig"; path = "Target Support Files/Pods-Mobile-tvOSTests/Pods-Mobile-tvOSTests.debug.xcconfig"; sourceTree = "<group>"; };
		F91571D6A7BC4296A408B35F /* Octicons.ttf */ = {isa = PBXFileReference; explicitFileType = undefined; fileEncoding = 9; includeInIndex = 0; lastKnownFileType = unknown; name = Octicons.ttf; path = "../node_modules/react-native-vector-icons/Fonts/Octicons.ttf"; sourceTree = "<group>"; };
		F9F47D3EB57546D58BE29C9B /* Nunito-Black.ttf */ = {isa = PBXFileReference; explicitFileType = undefined; fileEncoding = 9; includeInIndex = 0; lastKnownFileType = unknown; name = "Nunito-Black.ttf"; path = "../assets/fonts/Nunito-Black.ttf"; sourceTree = "<group>"; };
		FB6B4416FF6E403EB1CF8FC0 /* PlayfairDisplay-Medium.ttf */ = {isa = PBXFileReference; explicitFileType = undefined; fileEncoding = 9; includeInIndex = 0; lastKnownFileType = unknown; name = "PlayfairDisplay-Medium.ttf"; path = "../assets/fonts/PlayfairDisplay-Medium.ttf"; sourceTree = "<group>"; };
		FD6B1C0824F2C78E00DFCEE8 /* Real Estate.entitlements */ = {isa = PBXFileReference; lastKnownFileType = text.plist.entitlements; name = "Real Estate.entitlements"; path = "Mobile/Real Estate.entitlements"; sourceTree = "<group>"; };
/* End PBXFileReference section */

/* Begin PBXFrameworksBuildPhase section */
		00E356EB1AD99517003FC87E /* Frameworks */ = {
			isa = PBXFrameworksBuildPhase;
			buildActionMask = 2147483647;
			files = (
				6D5747EAD59CD7B91EC13E10 /* libPods-Mobile-MobileTests.a in Frameworks */,
			);
			runOnlyForDeploymentPostprocessing = 0;
		};
		13B07F8C1A680F5B00A75B9A /* Frameworks */ = {
			isa = PBXFrameworksBuildPhase;
			buildActionMask = 2147483647;
			files = (
				7E2C7290253B3A4700E280FA /* CallKit.framework in Frameworks */,
				7E2C7294253B53CC00E280FA /* PushKit.framework in Frameworks */,
				7EE7D4A125486EAC0096A11B /* libRNVoipPushNotification.a in Frameworks */,
				7E2C728E253B3A4100E280FA /* Intents.framework in Frameworks */,
				7EE7D49F25486E0F0096A11B /* libRNCallKeep.a in Frameworks */,
				1D616EA6082A8DEA38F40122 /* libPods-Mobile.a in Frameworks */,
			);
			runOnlyForDeploymentPostprocessing = 0;
		};
		2D02E4781E0B4A5D006451C7 /* Frameworks */ = {
			isa = PBXFrameworksBuildPhase;
			buildActionMask = 2147483647;
			files = (
				FB97C6DE2818C4B0F4BA01E8 /* libPods-Mobile-tvOS.a in Frameworks */,
			);
			runOnlyForDeploymentPostprocessing = 0;
		};
		2D02E48D1E0B4A5D006451C7 /* Frameworks */ = {
			isa = PBXFrameworksBuildPhase;
			buildActionMask = 2147483647;
			files = (
				323BE6FED6140199551B4B50 /* libPods-Mobile-tvOSTests.a in Frameworks */,
			);
			runOnlyForDeploymentPostprocessing = 0;
		};
/* End PBXFrameworksBuildPhase section */

/* Begin PBXGroup section */
		00E356EF1AD99517003FC87E /* MobileTests */ = {
			isa = PBXGroup;
			children = (
				00E356F21AD99517003FC87E /* MobileTests.m */,
				00E356F01AD99517003FC87E /* Supporting Files */,
			);
			path = MobileTests;
			sourceTree = "<group>";
		};
		00E356F01AD99517003FC87E /* Supporting Files */ = {
			isa = PBXGroup;
			children = (
				00E356F11AD99517003FC87E /* Info.plist */,
			);
			name = "Supporting Files";
			sourceTree = "<group>";
		};
		13B07FAE1A68108700A75B9A /* Mobile */ = {
			isa = PBXGroup;
			children = (
				FD6B1C0824F2C78E00DFCEE8 /* Real Estate.entitlements */,
				008F07F21AC5B25A0029DE68 /* main.jsbundle */,
				13B07FAF1A68108700A75B9A /* AppDelegate.h */,
				81AB9BB72411601600AC10FF /* LaunchScreen.storyboard */,
				13B07FB01A68108700A75B9A /* AppDelegate.m */,
				13B07FB51A68108700A75B9A /* Images.xcassets */,
				13B07FB61A68108700A75B9A /* Info.plist */,
				13B07FB71A68108700A75B9A /* main.m */,
				7ECE90F72557895A00ABC96F /* bridge.swift */,
				7ECE90F52557895900ABC96F /* Mobile-Bridging-Header.h */,
				7ECE90F62557895900ABC96F /* Mobile-tvOS-Bridging-Header.h */,
			);
			name = Mobile;
			sourceTree = "<group>";
		};
		2D16E6871FA4F8E400B85C8A /* Frameworks */ = {
			isa = PBXGroup;
			children = (
				7EE7D4A025486EAC0096A11B /* libRNVoipPushNotification.a */,
				7EE7D49E25486E0F0096A11B /* libRNCallKeep.a */,
				7E2C7293253B53CB00E280FA /* PushKit.framework */,
				7E2C728F253B3A4700E280FA /* CallKit.framework */,
				7E2C728D253B3A4100E280FA /* Intents.framework */,
				ED297162215061F000B7C4FE /* JavaScriptCore.framework */,
				ED2971642150620600B7C4FE /* JavaScriptCore.framework */,
				D8B50A30C63CD8052C343A2F /* libPods-Mobile.a */,
				6DEE663C207D347B92DDB5E7 /* libPods-Mobile-MobileTests.a */,
				85A2058A2825E31FA88D8FB3 /* libPods-Mobile-tvOS.a */,
				75DE1BF7BF14B9BC26FB2D27 /* libPods-Mobile-tvOSTests.a */,
			);
			name = Frameworks;
			sourceTree = "<group>";
		};
		3AF8421E68E448D4814A29DC /* Resources */ = {
			isa = PBXGroup;
			children = (
				C3BE5C7FF8A345D3A5A97184 /* AntDesign.ttf */,
				2FA4C03DCC134EE5BC14128D /* Entypo.ttf */,
				7095D4F687AF46428D4BF468 /* EvilIcons.ttf */,
				C1CA837EA2EF4EC4A213723A /* Feather.ttf */,
				8B17CB7A259C4D51BBCDB3BA /* FontAwesome.ttf */,
				E5721FB36F87470CB80B425F /* FontAwesome5_Brands.ttf */,
				445F0C3641B34230A7B80308 /* FontAwesome5_Regular.ttf */,
				C26D49AAE98743F298540C75 /* FontAwesome5_Solid.ttf */,
				291EC395E50B4FE6B2E715A2 /* Fontisto.ttf */,
				7E5FA75D87FA45E78E9FC1E3 /* Foundation.ttf */,
				0F57D22DE7204CCD86099C42 /* Ionicons.ttf */,
				991E6E505BF44E14BF0A15DC /* MaterialCommunityIcons.ttf */,
				74C39DC1F24B4FA78225C2A8 /* MaterialIcons.ttf */,
				F91571D6A7BC4296A408B35F /* Octicons.ttf */,
				3F2E5984A5C54B9AB71BA668 /* SimpleLineIcons.ttf */,
				61722B4764534E64B19C75AD /* Zocial.ttf */,
				F9F47D3EB57546D58BE29C9B /* Nunito-Black.ttf */,
				40D9BA86412E453BAFDB65CB /* Nunito-BlackItalic.ttf */,
				5C8C583D0EDE45F59390BAFD /* Nunito-Bold.ttf */,
				6AD64B85E8024409B62E17DE /* Nunito-BoldItalic.ttf */,
				B0CBF7D80B28415CB93E96E5 /* Nunito-ExtraBold.ttf */,
				2886060E707C4AB7B550E657 /* Nunito-ExtraBoldItalic.ttf */,
				14E8BA9990514D1188641112 /* Nunito-ExtraLight.ttf */,
				A7E4084C2AF24D4D8E56039D /* Nunito-ExtraLightItalic.ttf */,
				8F8820C2A4374CDB8BF05901 /* Nunito-Italic.ttf */,
				5C87F79BDEDC49E1844BB56C /* Nunito-Light.ttf */,
				23E5D6920F0D48F2B7233998 /* Nunito-LightItalic.ttf */,
				DC738A83AF0941EE856945D2 /* Nunito-Regular.ttf */,
				EA8F6662596F4972A539D995 /* Nunito-SemiBold.ttf */,
				AE893D98A3EE4E018D5A5711 /* Nunito-SemiBoldItalic.ttf */,
				61F43482CDAF4F839AFAC97B /* PlayfairDisplay-Black.ttf */,
				72C23C36EAF04B9FA5B07742 /* PlayfairDisplay-BlackItalic.ttf */,
				EB6D2434D10649569DBBD842 /* PlayfairDisplay-Bold.ttf */,
				90DCBF5AAAF142009CA8C767 /* PlayfairDisplay-BoldItalic.ttf */,
				9144377F262546F58C25EB0C /* PlayfairDisplay-ExtraBold.ttf */,
				28D0D5A59CAC4E34A573E1D3 /* PlayfairDisplay-ExtraBoldItalic.ttf */,
				F0E8786754D64668AB244D8A /* PlayfairDisplay-Italic.ttf */,
				FB6B4416FF6E403EB1CF8FC0 /* PlayfairDisplay-Medium.ttf */,
				511A684BB1604551A54F183D /* PlayfairDisplay-MediumItalic.ttf */,
				C314D4C7E0924C2BB55D7666 /* PlayfairDisplay-Regular.ttf */,
				067D2E9F4FE2489EB1A46006 /* PlayfairDisplay-SemiBold.ttf */,
				F3A07AEE7FBF48B18559CFDC /* PlayfairDisplay-SemiBoldItalic.ttf */,
				A6FBCA745AB9422084CE9F98 /* Proxima Nova Alt Condensed Light.otf */,
				58FDA2EA9B2F4F20A12844F2 /* Proxima Nova Alt Extra Condensed Light.otf */,
				78DFCDD078E04292AA8ED511 /* Proxima Nova Alt Light.otf */,
				0E09C77479D94F61AE2F27F6 /* Proxima Nova Black.otf */,
				7F91C4B0A34649A19122929A /* Proxima Nova Bold.otf */,
				3B5BC9C8EAFA445FAA371A54 /* Proxima Nova Condensed Light.otf */,
				7837B686E03C4EB89021ED2D /* Proxima Nova Extra Condensed Light.otf */,
				062A93E69B094060894DDDCA /* Proxima Nova Extrabold.otf */,
				9B1C93B20CB146D195B425D4 /* Proxima Nova Regular.otf */,
				4CA42407323C42D8A3E7865C /* Proxima Nova ScOsf Condensed Light.otf */,
				39F3717235324C608BAF2E11 /* Proxima Nova ScOsf Extra Condensed Light.otf */,
				9ED978E963444DC8A5C417C3 /* Proxima Nova ScOsf Light.otf */,
				EEA876A86965413AB3581BD9 /* Proxima Nova Thin.otf */,
				D9885E9F69D947EBBC64D472 /* Proxima.ttf */,
			);
			name = Resources;
			sourceTree = "<group>";
		};
		832341AE1AAA6A7D00B99B32 /* Libraries */ = {
			isa = PBXGroup;
			children = (
			);
			name = Libraries;
			sourceTree = "<group>";
		};
		83CBB9F61A601CBA00E9B192 = {
			isa = PBXGroup;
			children = (
				8489B41C255ECA9F00193AC4 /* GoogleService-Info.plist */,
				13B07FAE1A68108700A75B9A /* Mobile */,
				832341AE1AAA6A7D00B99B32 /* Libraries */,
				00E356EF1AD99517003FC87E /* MobileTests */,
				83CBBA001A601CBA00E9B192 /* Products */,
				2D16E6871FA4F8E400B85C8A /* Frameworks */,
				FFD1D6E7220EE69310930CB8 /* Pods */,
				3AF8421E68E448D4814A29DC /* Resources */,
			);
			indentWidth = 2;
			sourceTree = "<group>";
			tabWidth = 2;
			usesTabs = 0;
		};
		83CBBA001A601CBA00E9B192 /* Products */ = {
			isa = PBXGroup;
			children = (
				13B07F961A680F5B00A75B9A /* Dapp Premium.app */,
				00E356EE1AD99517003FC87E /* MobileTests.xctest */,
				2D02E47B1E0B4A5D006451C7 /* Mobile-tvOS.app */,
				2D02E4901E0B4A5D006451C7 /* Mobile-tvOSTests.xctest */,
			);
			name = Products;
			sourceTree = "<group>";
		};
		FFD1D6E7220EE69310930CB8 /* Pods */ = {
			isa = PBXGroup;
			children = (
				DD6B5674D7A74221CF094B80 /* Pods-Mobile.debug.xcconfig */,
				581C58185067E6022B284081 /* Pods-Mobile.release.xcconfig */,
				F1C55B79320F2CE3FEBA50D4 /* Pods-Mobile-MobileTests.debug.xcconfig */,
				ECB279FB3C87FFA89C61761E /* Pods-Mobile-MobileTests.release.xcconfig */,
				825C83331951C13D6F0ACE85 /* Pods-Mobile-tvOS.debug.xcconfig */,
				95FDDAFCF1B6277FD19BF669 /* Pods-Mobile-tvOS.release.xcconfig */,
				F54189546E4F3A954902ED9B /* Pods-Mobile-tvOSTests.debug.xcconfig */,
				349BB3E75F45CBFC10C95267 /* Pods-Mobile-tvOSTests.release.xcconfig */,
			);
			path = Pods;
			sourceTree = "<group>";
		};
/* End PBXGroup section */

/* Begin PBXNativeTarget section */
		00E356ED1AD99517003FC87E /* MobileTests */ = {
			isa = PBXNativeTarget;
			buildConfigurationList = 00E357021AD99517003FC87E /* Build configuration list for PBXNativeTarget "MobileTests" */;
			buildPhases = (
				E65EDAB930C4AB23E419525E /* [CP] Check Pods Manifest.lock */,
				00E356EA1AD99517003FC87E /* Sources */,
				00E356EB1AD99517003FC87E /* Frameworks */,
				00E356EC1AD99517003FC87E /* Resources */,
				BC37C47EE9556CA477D81773 /* [CP] Copy Pods Resources */,
				FDAF796DF645A12F49DA22FF /* [CP] Embed Pods Frameworks */,
			);
			buildRules = (
			);
			dependencies = (
				00E356F51AD99517003FC87E /* PBXTargetDependency */,
			);
			name = MobileTests;
			productName = MobileTests;
			productReference = 00E356EE1AD99517003FC87E /* MobileTests.xctest */;
			productType = "com.apple.product-type.bundle.unit-test";
		};
		13B07F861A680F5B00A75B9A /* Mobile */ = {
			isa = PBXNativeTarget;
			buildConfigurationList = 13B07F931A680F5B00A75B9A /* Build configuration list for PBXNativeTarget "Mobile" */;
			buildPhases = (
				324A8BFAF81445F7F95509B4 /* [CP] Check Pods Manifest.lock */,
				FD10A7F022414F080027D42C /* Start Packager */,
				13B07F871A680F5B00A75B9A /* Sources */,
				13B07F8C1A680F5B00A75B9A /* Frameworks */,
				13B07F8E1A680F5B00A75B9A /* Resources */,
				00DD1BFF1BD5951E006B06BC /* Bundle React Native code and images */,
				60C4B9FFB776D842DE65C48C /* [CP] Copy Pods Resources */,
				D8F470F146473364C59F0ADC /* [CP] Embed Pods Frameworks */,
				F13C62819C4705B1BE89C263 /* [CP-User] [NOTIFEE] Config */,
				D574649EF40FE6EAAC3A663E /* [CP-User] [RNFB] Core Configuration */,
			);
			buildRules = (
			);
			dependencies = (
			);
			name = Mobile;
			productName = Mobile;
			productReference = 13B07F961A680F5B00A75B9A /* Dapp Premium.app */;
			productType = "com.apple.product-type.application";
		};
		2D02E47A1E0B4A5D006451C7 /* Mobile-tvOS */ = {
			isa = PBXNativeTarget;
			buildConfigurationList = 2D02E4BA1E0B4A5E006451C7 /* Build configuration list for PBXNativeTarget "Mobile-tvOS" */;
			buildPhases = (
				5C3BE35A3C4E225570A85147 /* [CP] Check Pods Manifest.lock */,
				FD10A7F122414F3F0027D42C /* Start Packager */,
				2D02E4771E0B4A5D006451C7 /* Sources */,
				2D02E4781E0B4A5D006451C7 /* Frameworks */,
				2D02E4791E0B4A5D006451C7 /* Resources */,
				2D02E4CB1E0B4B27006451C7 /* Bundle React Native Code And Images */,
			);
			buildRules = (
			);
			dependencies = (
			);
			name = "Mobile-tvOS";
			productName = "Mobile-tvOS";
			productReference = 2D02E47B1E0B4A5D006451C7 /* Mobile-tvOS.app */;
			productType = "com.apple.product-type.application";
		};
		2D02E48F1E0B4A5D006451C7 /* Mobile-tvOSTests */ = {
			isa = PBXNativeTarget;
			buildConfigurationList = 2D02E4BB1E0B4A5E006451C7 /* Build configuration list for PBXNativeTarget "Mobile-tvOSTests" */;
			buildPhases = (
				7B984C37C847268730422BC1 /* [CP] Check Pods Manifest.lock */,
				2D02E48C1E0B4A5D006451C7 /* Sources */,
				2D02E48D1E0B4A5D006451C7 /* Frameworks */,
				2D02E48E1E0B4A5D006451C7 /* Resources */,
			);
			buildRules = (
			);
			dependencies = (
				2D02E4921E0B4A5D006451C7 /* PBXTargetDependency */,
			);
			name = "Mobile-tvOSTests";
			productName = "Mobile-tvOSTests";
			productReference = 2D02E4901E0B4A5D006451C7 /* Mobile-tvOSTests.xctest */;
			productType = "com.apple.product-type.bundle.unit-test";
		};
/* End PBXNativeTarget section */

/* Begin PBXProject section */
		83CBB9F71A601CBA00E9B192 /* Project object */ = {
			isa = PBXProject;
			attributes = {
				LastUpgradeCheck = 1130;
				TargetAttributes = {
					00E356ED1AD99517003FC87E = {
						CreatedOnToolsVersion = 6.2;
						TestTargetID = 13B07F861A680F5B00A75B9A;
					};
					13B07F861A680F5B00A75B9A = {
						DevelopmentTeam = 5H3BC22TC5;
						LastSwiftMigration = 1220;
					};
					2D02E47A1E0B4A5D006451C7 = {
						CreatedOnToolsVersion = 8.2.1;
						LastSwiftMigration = 1220;
						ProvisioningStyle = Automatic;
					};
					2D02E48F1E0B4A5D006451C7 = {
						CreatedOnToolsVersion = 8.2.1;
						ProvisioningStyle = Automatic;
						TestTargetID = 2D02E47A1E0B4A5D006451C7;
					};
				};
			};
			buildConfigurationList = 83CBB9FA1A601CBA00E9B192 /* Build configuration list for PBXProject "Mobile" */;
			compatibilityVersion = "Xcode 3.2";
			developmentRegion = en;
			hasScannedForEncodings = 0;
			knownRegions = (
				en,
				Base,
			);
			mainGroup = 83CBB9F61A601CBA00E9B192;
			productRefGroup = 83CBBA001A601CBA00E9B192 /* Products */;
			projectDirPath = "";
			projectRoot = "";
			targets = (
				13B07F861A680F5B00A75B9A /* Mobile */,
				00E356ED1AD99517003FC87E /* MobileTests */,
				2D02E47A1E0B4A5D006451C7 /* Mobile-tvOS */,
				2D02E48F1E0B4A5D006451C7 /* Mobile-tvOSTests */,
			);
		};
/* End PBXProject section */

/* Begin PBXResourcesBuildPhase section */
		00E356EC1AD99517003FC87E /* Resources */ = {
			isa = PBXResourcesBuildPhase;
			buildActionMask = 2147483647;
			files = (
			);
			runOnlyForDeploymentPostprocessing = 0;
		};
		13B07F8E1A680F5B00A75B9A /* Resources */ = {
			isa = PBXResourcesBuildPhase;
			buildActionMask = 2147483647;
			files = (
				81AB9BB82411601600AC10FF /* LaunchScreen.storyboard in Resources */,
				13B07FBF1A68108700A75B9A /* Images.xcassets in Resources */,
				EBC6C953B2AA450D9AE779E7 /* Nunito-Black.ttf in Resources */,
				8E347CE5242245AA9428C8B1 /* Nunito-BlackItalic.ttf in Resources */,
				AB9EB6E20C394D5BBB764C94 /* Nunito-Bold.ttf in Resources */,
				DD4DEB4AD869403F9B43D359 /* Nunito-BoldItalic.ttf in Resources */,
				2201B2AF17EA41AFBF741E51 /* Nunito-ExtraBold.ttf in Resources */,
				1CFEDADA05094B9FB719AF92 /* Nunito-ExtraBoldItalic.ttf in Resources */,
				6FEA05F8E1E64974A47FC080 /* Nunito-ExtraLight.ttf in Resources */,
				173C004DE47F4987B2A593E1 /* Nunito-ExtraLightItalic.ttf in Resources */,
				8489B41D255ECA9F00193AC4 /* GoogleService-Info.plist in Resources */,
				8A641181C9F3410D885D1CAB /* Nunito-Italic.ttf in Resources */,
				C225CA3B1D9849A0858B2E80 /* Nunito-Light.ttf in Resources */,
				7CD4737E46BB4AACA7E67F9A /* Nunito-LightItalic.ttf in Resources */,
				6EB520A8CB0C4E3FB9973510 /* Nunito-Regular.ttf in Resources */,
				B5E5C3B53778481BA5D3C490 /* Nunito-SemiBold.ttf in Resources */,
				E3A87B700E2841B89E3679C1 /* Nunito-SemiBoldItalic.ttf in Resources */,
				27C7A92FD4984DEAB63CEB85 /* PlayfairDisplay-Black.ttf in Resources */,
				48159370DED948B1A0B33EB6 /* PlayfairDisplay-BlackItalic.ttf in Resources */,
				9ED4F36E52524A68BE7DC697 /* PlayfairDisplay-Bold.ttf in Resources */,
				99EC24C2124F4B00BDBBEAF8 /* PlayfairDisplay-BoldItalic.ttf in Resources */,
				B4804C2052A34EAABAC83BBB /* PlayfairDisplay-ExtraBold.ttf in Resources */,
				E10B6C693D5341EE9AE6F569 /* PlayfairDisplay-ExtraBoldItalic.ttf in Resources */,
				733340315B8449B497082EC0 /* PlayfairDisplay-Italic.ttf in Resources */,
				A797D7DE6FA1416BBEEDA6C0 /* PlayfairDisplay-Medium.ttf in Resources */,
				716A768279404288B798CFFE /* PlayfairDisplay-MediumItalic.ttf in Resources */,
				588B9F1166B84EBCAA4A9956 /* PlayfairDisplay-Regular.ttf in Resources */,
				0F5404E0562A4D98BAF11EBD /* PlayfairDisplay-SemiBold.ttf in Resources */,
				8D30DAB346CF4F5EA6A64ED4 /* PlayfairDisplay-SemiBoldItalic.ttf in Resources */,
				8D32F963E222467AB19E57A6 /* Proxima Nova Alt Condensed Light.otf in Resources */,
				01B0046A884C43288FE90600 /* Proxima Nova Alt Extra Condensed Light.otf in Resources */,
				282D12BE07984980BF13C906 /* Proxima Nova Alt Light.otf in Resources */,
				74622FBA0A854FF8A781A801 /* Proxima Nova Black.otf in Resources */,
				4CF6781DF5F14610BC4E2913 /* Proxima Nova Bold.otf in Resources */,
				92B15FB0A5C74080A7C988DB /* Proxima Nova Condensed Light.otf in Resources */,
				CDB80A2028C047F48EB6156B /* Proxima Nova Extra Condensed Light.otf in Resources */,
				C5626C3C24D540C08D45A30B /* Proxima Nova Extrabold.otf in Resources */,
				D597F7EF31344F8E8D715057 /* Proxima Nova Regular.otf in Resources */,
				587E751146BA422BAEA20A31 /* Proxima Nova ScOsf Condensed Light.otf in Resources */,
				74522E08409A46D290E24F38 /* Proxima Nova ScOsf Extra Condensed Light.otf in Resources */,
				725EC9DCDCB942979AD724F2 /* Proxima Nova ScOsf Light.otf in Resources */,
				BEF0DBABDE414854B8BCC871 /* Proxima Nova Thin.otf in Resources */,
				190446EE6C0F4D9AA3BBF892 /* Proxima.ttf in Resources */,
			);
			runOnlyForDeploymentPostprocessing = 0;
		};
		2D02E4791E0B4A5D006451C7 /* Resources */ = {
			isa = PBXResourcesBuildPhase;
			buildActionMask = 2147483647;
			files = (
				2D02E4BD1E0B4A84006451C7 /* Images.xcassets in Resources */,
			);
			runOnlyForDeploymentPostprocessing = 0;
		};
		2D02E48E1E0B4A5D006451C7 /* Resources */ = {
			isa = PBXResourcesBuildPhase;
			buildActionMask = 2147483647;
			files = (
			);
			runOnlyForDeploymentPostprocessing = 0;
		};
/* End PBXResourcesBuildPhase section */

/* Begin PBXShellScriptBuildPhase section */
		00DD1BFF1BD5951E006B06BC /* Bundle React Native code and images */ = {
			isa = PBXShellScriptBuildPhase;
			buildActionMask = 2147483647;
			files = (
			);
			inputPaths = (
			);
			name = "Bundle React Native code and images";
			outputPaths = (
			);
			runOnlyForDeploymentPostprocessing = 0;
			shellPath = /bin/sh;
			shellScript = "export NODE_BINARY=node\n../node_modules/react-native/scripts/react-native-xcode.sh\n";
		};
		2D02E4CB1E0B4B27006451C7 /* Bundle React Native Code And Images */ = {
			isa = PBXShellScriptBuildPhase;
			buildActionMask = 2147483647;
			files = (
			);
			inputPaths = (
			);
			name = "Bundle React Native Code And Images";
			outputPaths = (
			);
			runOnlyForDeploymentPostprocessing = 0;
			shellPath = /bin/sh;
			shellScript = "export NODE_BINARY=node\n../node_modules/react-native/scripts/react-native-xcode.sh";
		};
		324A8BFAF81445F7F95509B4 /* [CP] Check Pods Manifest.lock */ = {
			isa = PBXShellScriptBuildPhase;
			buildActionMask = 2147483647;
			files = (
			);
			inputFileListPaths = (
			);
			inputPaths = (
				"${PODS_PODFILE_DIR_PATH}/Podfile.lock",
				"${PODS_ROOT}/Manifest.lock",
			);
			name = "[CP] Check Pods Manifest.lock";
			outputFileListPaths = (
			);
			outputPaths = (
				"$(DERIVED_FILE_DIR)/Pods-Mobile-checkManifestLockResult.txt",
			);
			runOnlyForDeploymentPostprocessing = 0;
			shellPath = /bin/sh;
			shellScript = "diff \"${PODS_PODFILE_DIR_PATH}/Podfile.lock\" \"${PODS_ROOT}/Manifest.lock\" > /dev/null\nif [ $? != 0 ] ; then\n    # print error to STDERR\n    echo \"error: The sandbox is not in sync with the Podfile.lock. Run 'pod install' or update your CocoaPods installation.\" >&2\n    exit 1\nfi\n# This output is used by Xcode 'outputs' to avoid re-running this script phase.\necho \"SUCCESS\" > \"${SCRIPT_OUTPUT_FILE_0}\"\n";
			showEnvVarsInLog = 0;
		};
		5C3BE35A3C4E225570A85147 /* [CP] Check Pods Manifest.lock */ = {
			isa = PBXShellScriptBuildPhase;
			buildActionMask = 2147483647;
			files = (
			);
			inputFileListPaths = (
			);
			inputPaths = (
				"${PODS_PODFILE_DIR_PATH}/Podfile.lock",
				"${PODS_ROOT}/Manifest.lock",
			);
			name = "[CP] Check Pods Manifest.lock";
			outputFileListPaths = (
			);
			outputPaths = (
				"$(DERIVED_FILE_DIR)/Pods-Mobile-tvOS-checkManifestLockResult.txt",
			);
			runOnlyForDeploymentPostprocessing = 0;
			shellPath = /bin/sh;
			shellScript = "diff \"${PODS_PODFILE_DIR_PATH}/Podfile.lock\" \"${PODS_ROOT}/Manifest.lock\" > /dev/null\nif [ $? != 0 ] ; then\n    # print error to STDERR\n    echo \"error: The sandbox is not in sync with the Podfile.lock. Run 'pod install' or update your CocoaPods installation.\" >&2\n    exit 1\nfi\n# This output is used by Xcode 'outputs' to avoid re-running this script phase.\necho \"SUCCESS\" > \"${SCRIPT_OUTPUT_FILE_0}\"\n";
			showEnvVarsInLog = 0;
		};
		60C4B9FFB776D842DE65C48C /* [CP] Copy Pods Resources */ = {
			isa = PBXShellScriptBuildPhase;
			buildActionMask = 2147483647;
			files = (
			);
			inputPaths = (
				"${PODS_ROOT}/Target Support Files/Pods-Mobile/Pods-Mobile-resources.sh",
				"${PODS_ROOT}/FBSDKCoreKit/FacebookSDKStrings.bundle",
				"${PODS_ROOT}/GPUImage/framework/Resources/lookup.png",
				"${PODS_ROOT}/GPUImage/framework/Resources/lookup_amatorka.png",
				"${PODS_ROOT}/GPUImage/framework/Resources/lookup_miss_etikate.png",
				"${PODS_ROOT}/GPUImage/framework/Resources/lookup_soft_elegance_1.png",
				"${PODS_ROOT}/GPUImage/framework/Resources/lookup_soft_elegance_2.png",
				"${PODS_ROOT}/GoogleMaps/Maps/Frameworks/GoogleMaps.framework/Resources/GoogleMaps.bundle",
				"${PODS_ROOT}/GoogleSignIn/Resources/GoogleSignIn.bundle",
				"${PODS_ROOT}/../../node_modules/react-native-vector-icons/Fonts/AntDesign.ttf",
				"${PODS_ROOT}/../../node_modules/react-native-vector-icons/Fonts/Entypo.ttf",
				"${PODS_ROOT}/../../node_modules/react-native-vector-icons/Fonts/EvilIcons.ttf",
				"${PODS_ROOT}/../../node_modules/react-native-vector-icons/Fonts/Feather.ttf",
				"${PODS_ROOT}/../../node_modules/react-native-vector-icons/Fonts/FontAwesome.ttf",
				"${PODS_ROOT}/../../node_modules/react-native-vector-icons/Fonts/FontAwesome5_Brands.ttf",
				"${PODS_ROOT}/../../node_modules/react-native-vector-icons/Fonts/FontAwesome5_Regular.ttf",
				"${PODS_ROOT}/../../node_modules/react-native-vector-icons/Fonts/FontAwesome5_Solid.ttf",
				"${PODS_ROOT}/../../node_modules/react-native-vector-icons/Fonts/Fontisto.ttf",
				"${PODS_ROOT}/../../node_modules/react-native-vector-icons/Fonts/Foundation.ttf",
				"${PODS_ROOT}/../../node_modules/react-native-vector-icons/Fonts/Ionicons.ttf",
				"${PODS_ROOT}/../../node_modules/react-native-vector-icons/Fonts/MaterialCommunityIcons.ttf",
				"${PODS_ROOT}/../../node_modules/react-native-vector-icons/Fonts/MaterialIcons.ttf",
				"${PODS_ROOT}/../../node_modules/react-native-vector-icons/Fonts/Octicons.ttf",
				"${PODS_ROOT}/../../node_modules/react-native-vector-icons/Fonts/SimpleLineIcons.ttf",
				"${PODS_ROOT}/../../node_modules/react-native-vector-icons/Fonts/Zocial.ttf",
				"${PODS_CONFIGURATION_BUILD_DIR}/React-Core/AccessibilityResources.bundle",
				"${PODS_CONFIGURATION_BUILD_DIR}/gRPC-C++/gRPCCertificates-Cpp.bundle",
			);
			name = "[CP] Copy Pods Resources";
			outputPaths = (
				"${TARGET_BUILD_DIR}/${UNLOCALIZED_RESOURCES_FOLDER_PATH}/FacebookSDKStrings.bundle",
				"${TARGET_BUILD_DIR}/${UNLOCALIZED_RESOURCES_FOLDER_PATH}/lookup.png",
				"${TARGET_BUILD_DIR}/${UNLOCALIZED_RESOURCES_FOLDER_PATH}/lookup_amatorka.png",
				"${TARGET_BUILD_DIR}/${UNLOCALIZED_RESOURCES_FOLDER_PATH}/lookup_miss_etikate.png",
				"${TARGET_BUILD_DIR}/${UNLOCALIZED_RESOURCES_FOLDER_PATH}/lookup_soft_elegance_1.png",
				"${TARGET_BUILD_DIR}/${UNLOCALIZED_RESOURCES_FOLDER_PATH}/lookup_soft_elegance_2.png",
				"${TARGET_BUILD_DIR}/${UNLOCALIZED_RESOURCES_FOLDER_PATH}/GoogleMaps.bundle",
				"${TARGET_BUILD_DIR}/${UNLOCALIZED_RESOURCES_FOLDER_PATH}/GoogleSignIn.bundle",
				"${TARGET_BUILD_DIR}/${UNLOCALIZED_RESOURCES_FOLDER_PATH}/AntDesign.ttf",
				"${TARGET_BUILD_DIR}/${UNLOCALIZED_RESOURCES_FOLDER_PATH}/Entypo.ttf",
				"${TARGET_BUILD_DIR}/${UNLOCALIZED_RESOURCES_FOLDER_PATH}/EvilIcons.ttf",
				"${TARGET_BUILD_DIR}/${UNLOCALIZED_RESOURCES_FOLDER_PATH}/Feather.ttf",
				"${TARGET_BUILD_DIR}/${UNLOCALIZED_RESOURCES_FOLDER_PATH}/FontAwesome.ttf",
				"${TARGET_BUILD_DIR}/${UNLOCALIZED_RESOURCES_FOLDER_PATH}/FontAwesome5_Brands.ttf",
				"${TARGET_BUILD_DIR}/${UNLOCALIZED_RESOURCES_FOLDER_PATH}/FontAwesome5_Regular.ttf",
				"${TARGET_BUILD_DIR}/${UNLOCALIZED_RESOURCES_FOLDER_PATH}/FontAwesome5_Solid.ttf",
				"${TARGET_BUILD_DIR}/${UNLOCALIZED_RESOURCES_FOLDER_PATH}/Fontisto.ttf",
				"${TARGET_BUILD_DIR}/${UNLOCALIZED_RESOURCES_FOLDER_PATH}/Foundation.ttf",
				"${TARGET_BUILD_DIR}/${UNLOCALIZED_RESOURCES_FOLDER_PATH}/Ionicons.ttf",
				"${TARGET_BUILD_DIR}/${UNLOCALIZED_RESOURCES_FOLDER_PATH}/MaterialCommunityIcons.ttf",
				"${TARGET_BUILD_DIR}/${UNLOCALIZED_RESOURCES_FOLDER_PATH}/MaterialIcons.ttf",
				"${TARGET_BUILD_DIR}/${UNLOCALIZED_RESOURCES_FOLDER_PATH}/Octicons.ttf",
				"${TARGET_BUILD_DIR}/${UNLOCALIZED_RESOURCES_FOLDER_PATH}/SimpleLineIcons.ttf",
				"${TARGET_BUILD_DIR}/${UNLOCALIZED_RESOURCES_FOLDER_PATH}/Zocial.ttf",
				"${TARGET_BUILD_DIR}/${UNLOCALIZED_RESOURCES_FOLDER_PATH}/AccessibilityResources.bundle",
				"${TARGET_BUILD_DIR}/${UNLOCALIZED_RESOURCES_FOLDER_PATH}/gRPCCertificates-Cpp.bundle",
			);
			runOnlyForDeploymentPostprocessing = 0;
			shellPath = /bin/sh;
			shellScript = "\"${PODS_ROOT}/Target Support Files/Pods-Mobile/Pods-Mobile-resources.sh\"\n";
			showEnvVarsInLog = 0;
		};
		7B984C37C847268730422BC1 /* [CP] Check Pods Manifest.lock */ = {
			isa = PBXShellScriptBuildPhase;
			buildActionMask = 2147483647;
			files = (
			);
			inputFileListPaths = (
			);
			inputPaths = (
				"${PODS_PODFILE_DIR_PATH}/Podfile.lock",
				"${PODS_ROOT}/Manifest.lock",
			);
			name = "[CP] Check Pods Manifest.lock";
			outputFileListPaths = (
			);
			outputPaths = (
				"$(DERIVED_FILE_DIR)/Pods-Mobile-tvOSTests-checkManifestLockResult.txt",
			);
			runOnlyForDeploymentPostprocessing = 0;
			shellPath = /bin/sh;
			shellScript = "diff \"${PODS_PODFILE_DIR_PATH}/Podfile.lock\" \"${PODS_ROOT}/Manifest.lock\" > /dev/null\nif [ $? != 0 ] ; then\n    # print error to STDERR\n    echo \"error: The sandbox is not in sync with the Podfile.lock. Run 'pod install' or update your CocoaPods installation.\" >&2\n    exit 1\nfi\n# This output is used by Xcode 'outputs' to avoid re-running this script phase.\necho \"SUCCESS\" > \"${SCRIPT_OUTPUT_FILE_0}\"\n";
			showEnvVarsInLog = 0;
		};
		BC37C47EE9556CA477D81773 /* [CP] Copy Pods Resources */ = {
			isa = PBXShellScriptBuildPhase;
			buildActionMask = 2147483647;
			files = (
			);
			inputPaths = (
				"${PODS_ROOT}/Target Support Files/Pods-Mobile-MobileTests/Pods-Mobile-MobileTests-resources.sh",
				"${PODS_ROOT}/FBSDKCoreKit/FacebookSDKStrings.bundle",
				"${PODS_ROOT}/GPUImage/framework/Resources/lookup.png",
				"${PODS_ROOT}/GPUImage/framework/Resources/lookup_amatorka.png",
				"${PODS_ROOT}/GPUImage/framework/Resources/lookup_miss_etikate.png",
				"${PODS_ROOT}/GPUImage/framework/Resources/lookup_soft_elegance_1.png",
				"${PODS_ROOT}/GPUImage/framework/Resources/lookup_soft_elegance_2.png",
				"${PODS_ROOT}/GoogleMaps/Maps/Frameworks/GoogleMaps.framework/Resources/GoogleMaps.bundle",
				"${PODS_ROOT}/GoogleSignIn/Resources/GoogleSignIn.bundle",
				"${PODS_ROOT}/../../node_modules/react-native-vector-icons/Fonts/AntDesign.ttf",
				"${PODS_ROOT}/../../node_modules/react-native-vector-icons/Fonts/Entypo.ttf",
				"${PODS_ROOT}/../../node_modules/react-native-vector-icons/Fonts/EvilIcons.ttf",
				"${PODS_ROOT}/../../node_modules/react-native-vector-icons/Fonts/Feather.ttf",
				"${PODS_ROOT}/../../node_modules/react-native-vector-icons/Fonts/FontAwesome.ttf",
				"${PODS_ROOT}/../../node_modules/react-native-vector-icons/Fonts/FontAwesome5_Brands.ttf",
				"${PODS_ROOT}/../../node_modules/react-native-vector-icons/Fonts/FontAwesome5_Regular.ttf",
				"${PODS_ROOT}/../../node_modules/react-native-vector-icons/Fonts/FontAwesome5_Solid.ttf",
				"${PODS_ROOT}/../../node_modules/react-native-vector-icons/Fonts/Fontisto.ttf",
				"${PODS_ROOT}/../../node_modules/react-native-vector-icons/Fonts/Foundation.ttf",
				"${PODS_ROOT}/../../node_modules/react-native-vector-icons/Fonts/Ionicons.ttf",
				"${PODS_ROOT}/../../node_modules/react-native-vector-icons/Fonts/MaterialCommunityIcons.ttf",
				"${PODS_ROOT}/../../node_modules/react-native-vector-icons/Fonts/MaterialIcons.ttf",
				"${PODS_ROOT}/../../node_modules/react-native-vector-icons/Fonts/Octicons.ttf",
				"${PODS_ROOT}/../../node_modules/react-native-vector-icons/Fonts/SimpleLineIcons.ttf",
				"${PODS_ROOT}/../../node_modules/react-native-vector-icons/Fonts/Zocial.ttf",
				"${PODS_CONFIGURATION_BUILD_DIR}/React-Core/AccessibilityResources.bundle",
				"${PODS_CONFIGURATION_BUILD_DIR}/gRPC-C++/gRPCCertificates-Cpp.bundle",
			);
			name = "[CP] Copy Pods Resources";
			outputPaths = (
				"${TARGET_BUILD_DIR}/${UNLOCALIZED_RESOURCES_FOLDER_PATH}/FacebookSDKStrings.bundle",
				"${TARGET_BUILD_DIR}/${UNLOCALIZED_RESOURCES_FOLDER_PATH}/lookup.png",
				"${TARGET_BUILD_DIR}/${UNLOCALIZED_RESOURCES_FOLDER_PATH}/lookup_amatorka.png",
				"${TARGET_BUILD_DIR}/${UNLOCALIZED_RESOURCES_FOLDER_PATH}/lookup_miss_etikate.png",
				"${TARGET_BUILD_DIR}/${UNLOCALIZED_RESOURCES_FOLDER_PATH}/lookup_soft_elegance_1.png",
				"${TARGET_BUILD_DIR}/${UNLOCALIZED_RESOURCES_FOLDER_PATH}/lookup_soft_elegance_2.png",
				"${TARGET_BUILD_DIR}/${UNLOCALIZED_RESOURCES_FOLDER_PATH}/GoogleMaps.bundle",
				"${TARGET_BUILD_DIR}/${UNLOCALIZED_RESOURCES_FOLDER_PATH}/GoogleSignIn.bundle",
				"${TARGET_BUILD_DIR}/${UNLOCALIZED_RESOURCES_FOLDER_PATH}/AntDesign.ttf",
				"${TARGET_BUILD_DIR}/${UNLOCALIZED_RESOURCES_FOLDER_PATH}/Entypo.ttf",
				"${TARGET_BUILD_DIR}/${UNLOCALIZED_RESOURCES_FOLDER_PATH}/EvilIcons.ttf",
				"${TARGET_BUILD_DIR}/${UNLOCALIZED_RESOURCES_FOLDER_PATH}/Feather.ttf",
				"${TARGET_BUILD_DIR}/${UNLOCALIZED_RESOURCES_FOLDER_PATH}/FontAwesome.ttf",
				"${TARGET_BUILD_DIR}/${UNLOCALIZED_RESOURCES_FOLDER_PATH}/FontAwesome5_Brands.ttf",
				"${TARGET_BUILD_DIR}/${UNLOCALIZED_RESOURCES_FOLDER_PATH}/FontAwesome5_Regular.ttf",
				"${TARGET_BUILD_DIR}/${UNLOCALIZED_RESOURCES_FOLDER_PATH}/FontAwesome5_Solid.ttf",
				"${TARGET_BUILD_DIR}/${UNLOCALIZED_RESOURCES_FOLDER_PATH}/Fontisto.ttf",
				"${TARGET_BUILD_DIR}/${UNLOCALIZED_RESOURCES_FOLDER_PATH}/Foundation.ttf",
				"${TARGET_BUILD_DIR}/${UNLOCALIZED_RESOURCES_FOLDER_PATH}/Ionicons.ttf",
				"${TARGET_BUILD_DIR}/${UNLOCALIZED_RESOURCES_FOLDER_PATH}/MaterialCommunityIcons.ttf",
				"${TARGET_BUILD_DIR}/${UNLOCALIZED_RESOURCES_FOLDER_PATH}/MaterialIcons.ttf",
				"${TARGET_BUILD_DIR}/${UNLOCALIZED_RESOURCES_FOLDER_PATH}/Octicons.ttf",
				"${TARGET_BUILD_DIR}/${UNLOCALIZED_RESOURCES_FOLDER_PATH}/SimpleLineIcons.ttf",
				"${TARGET_BUILD_DIR}/${UNLOCALIZED_RESOURCES_FOLDER_PATH}/Zocial.ttf",
				"${TARGET_BUILD_DIR}/${UNLOCALIZED_RESOURCES_FOLDER_PATH}/AccessibilityResources.bundle",
				"${TARGET_BUILD_DIR}/${UNLOCALIZED_RESOURCES_FOLDER_PATH}/gRPCCertificates-Cpp.bundle",
			);
			runOnlyForDeploymentPostprocessing = 0;
			shellPath = /bin/sh;
			shellScript = "\"${PODS_ROOT}/Target Support Files/Pods-Mobile-MobileTests/Pods-Mobile-MobileTests-resources.sh\"\n";
			showEnvVarsInLog = 0;
		};
		D574649EF40FE6EAAC3A663E /* [CP-User] [RNFB] Core Configuration */ = {
			isa = PBXShellScriptBuildPhase;
			buildActionMask = 2147483647;
			files = (
			);
			name = "[CP-User] [RNFB] Core Configuration";
			runOnlyForDeploymentPostprocessing = 0;
			shellPath = /bin/sh;
			shellScript = "#!/usr/bin/env bash\n#\n# Copyright (c) 2016-present Invertase Limited & Contributors\n#\n# Licensed under the Apache License, Version 2.0 (the \"License\");\n# you may not use this library except in compliance with the License.\n# You may obtain a copy of the License at\n#\n#   http://www.apache.org/licenses/LICENSE-2.0\n#\n# Unless required by applicable law or agreed to in writing, software\n# distributed under the License is distributed on an \"AS IS\" BASIS,\n# WITHOUT WARRANTIES OR CONDITIONS OF ANY KIND, either express or implied.\n# See the License for the specific language governing permissions and\n# limitations under the License.\n#\nset -e\n\n_MAX_LOOKUPS=2;\n_SEARCH_RESULT=''\n_RN_ROOT_EXISTS=''\n_CURRENT_LOOKUPS=1\n_JSON_ROOT=\"'react-native'\"\n_JSON_FILE_NAME='firebase.json'\n_JSON_OUTPUT_BASE64='e30=' # { }\n_CURRENT_SEARCH_DIR=${PROJECT_DIR}\n_PLIST_BUDDY=/usr/libexec/PlistBuddy\n_TARGET_PLIST=\"${BUILT_PRODUCTS_DIR}/${INFOPLIST_PATH}\"\n_DSYM_PLIST=\"${DWARF_DSYM_FOLDER_PATH}/${DWARF_DSYM_FILE_NAME}/Contents/Info.plist\"\n\n# plist arrays\n_PLIST_ENTRY_KEYS=()\n_PLIST_ENTRY_TYPES=()\n_PLIST_ENTRY_VALUES=()\n\nfunction setPlistValue {\n  echo \"info:      setting plist entry '$1' of type '$2' in file '$4'\"\n  ${_PLIST_BUDDY} -c \"Add :$1 $2 '$3'\" $4 || echo \"info:      '$1' already exists\"\n}\n\nfunction getFirebaseJsonKeyValue () {\n  if [[ ${_RN_ROOT_EXISTS} ]]; then\n    ruby -e \"require 'rubygems';require 'json'; output=JSON.parse('$1'); puts output[$_JSON_ROOT]['$2']\"\n  else\n    echo \"\"\n  fi;\n}\n\nfunction jsonBoolToYesNo () {\n  if [[ $1 == \"false\" ]]; then\n    echo \"NO\"\n  elif [[ $1 == \"true\" ]]; then\n    echo \"YES\"\n  else echo \"NO\"\n  fi\n}\n\necho \"info: -> RNFB build script started\"\necho \"info: 1) Locating ${_JSON_FILE_NAME} file:\"\n\nif [[ -z ${_CURRENT_SEARCH_DIR} ]]; then\n  _CURRENT_SEARCH_DIR=$(pwd)\nfi;\n\nwhile true; do\n  _CURRENT_SEARCH_DIR=$(dirname \"$_CURRENT_SEARCH_DIR\")\n  if [[ \"$_CURRENT_SEARCH_DIR\" == \"/\" ]] || [[ ${_CURRENT_LOOKUPS} -gt ${_MAX_LOOKUPS} ]]; then break; fi;\n  echo \"info:      ($_CURRENT_LOOKUPS of $_MAX_LOOKUPS) Searching in '$_CURRENT_SEARCH_DIR' for a ${_JSON_FILE_NAME} file.\"\n  _SEARCH_RESULT=$(find \"$_CURRENT_SEARCH_DIR\" -maxdepth 2 -name ${_JSON_FILE_NAME} -print | head -n 1)\n  if [[ ${_SEARCH_RESULT} ]]; then\n    echo \"info:      ${_JSON_FILE_NAME} found at $_SEARCH_RESULT\"\n    break;\n  fi;\n  _CURRENT_LOOKUPS=$((_CURRENT_LOOKUPS+1))\ndone\n\nif [[ ${_SEARCH_RESULT} ]]; then\n  _JSON_OUTPUT_RAW=$(cat \"${_SEARCH_RESULT}\")\n  _RN_ROOT_EXISTS=$(ruby -e \"require 'rubygems';require 'json'; output=JSON.parse('$_JSON_OUTPUT_RAW'); puts output[$_JSON_ROOT]\" || echo '')\n\n  if [[ ${_RN_ROOT_EXISTS} ]]; then\n    _JSON_OUTPUT_BASE64=$(python -c 'import json,sys,base64;print(base64.b64encode(json.dumps(json.loads(open('\"'${_SEARCH_RESULT}'\"').read())['${_JSON_ROOT}'])))' || echo \"e30=\")\n  fi\n\n  _PLIST_ENTRY_KEYS+=(\"firebase_json_raw\")\n  _PLIST_ENTRY_TYPES+=(\"string\")\n  _PLIST_ENTRY_VALUES+=(\"$_JSON_OUTPUT_BASE64\")\n\n  # config.messaging_auto_init_enabled\n  _MESSAGING_AUTO_INIT=$(getFirebaseJsonKeyValue \"$_JSON_OUTPUT_RAW\" \"messaging_auto_init_enabled\")\n  if [[ $_MESSAGING_AUTO_INIT ]]; then\n    _PLIST_ENTRY_KEYS+=(\"FirebaseMessagingAutoInitEnabled\")\n    _PLIST_ENTRY_TYPES+=(\"bool\")\n    _PLIST_ENTRY_VALUES+=(\"$(jsonBoolToYesNo \"$_MESSAGING_AUTO_INIT\")\")\n  fi\n\n  # config.crashlytics_disable_auto_disabler - undocumented for now - mainly for debugging, document if becomes usful\n  _CRASHLYTICS_AUTO_DISABLE_ENABLED=$(getFirebaseJsonKeyValue \"$_JSON_OUTPUT_RAW\" \"crashlytics_disable_auto_disabler\")\n  if [[ $_CRASHLYTICS_AUTO_DISABLE_ENABLED == \"true\" ]]; then\n    echo \"Disabled Crashlytics auto disabler.\" # do nothing\n  else\n    _PLIST_ENTRY_KEYS+=(\"firebase_crashlytics_collection_enabled\")\n    _PLIST_ENTRY_TYPES+=(\"bool\")\n    _PLIST_ENTRY_VALUES+=(\"NO\")\n  fi\n\n  # config.admob_delay_app_measurement_init\n  _ADMOB_DELAY_APP_MEASUREMENT=$(getFirebaseJsonKeyValue \"$_JSON_OUTPUT_RAW\" \"admob_delay_app_measurement_init\")\n  if [[ $_ADMOB_DELAY_APP_MEASUREMENT == \"true\" ]]; then\n    _PLIST_ENTRY_KEYS+=(\"GADDelayAppMeasurementInit\")\n    _PLIST_ENTRY_TYPES+=(\"bool\")\n    _PLIST_ENTRY_VALUES+=(\"YES\")\n  fi\n\n  # config.admob_ios_app_id\n  _ADMOB_IOS_APP_ID=$(getFirebaseJsonKeyValue \"$_JSON_OUTPUT_RAW\" \"admob_ios_app_id\")\n  if [[ $_ADMOB_IOS_APP_ID ]]; then\n    _PLIST_ENTRY_KEYS+=(\"GADApplicationIdentifier\")\n    _PLIST_ENTRY_TYPES+=(\"string\")\n    _PLIST_ENTRY_VALUES+=(\"$_ADMOB_IOS_APP_ID\")\n  fi\nelse\n  _PLIST_ENTRY_KEYS+=(\"firebase_json_raw\")\n  _PLIST_ENTRY_TYPES+=(\"string\")\n  _PLIST_ENTRY_VALUES+=(\"$_JSON_OUTPUT_BASE64\")\n  echo \"warning:   A firebase.json file was not found, whilst this file is optional it is recommended to include it to configure firebase services in React Native Firebase.\"\nfi;\n\necho \"info: 2) Injecting Info.plist entries: \"\n\n# Log out the keys we're adding\nfor i in \"${!_PLIST_ENTRY_KEYS[@]}\"; do\n  echo \"    ->  $i) ${_PLIST_ENTRY_KEYS[$i]}\" \"${_PLIST_ENTRY_TYPES[$i]}\" \"${_PLIST_ENTRY_VALUES[$i]}\"\ndone\n\nfor plist in \"${_TARGET_PLIST}\" \"${_DSYM_PLIST}\" ; do\n  if [[ -f \"${plist}\" ]]; then\n\n    # paths with spaces break the call to setPlistValue. temporarily modify\n    # the shell internal field separator variable (IFS), which normally \n    # includes spaces, to consist only of line breaks\n    oldifs=$IFS\n    IFS=\"\n\"\n\n    for i in \"${!_PLIST_ENTRY_KEYS[@]}\"; do\n      setPlistValue \"${_PLIST_ENTRY_KEYS[$i]}\" \"${_PLIST_ENTRY_TYPES[$i]}\" \"${_PLIST_ENTRY_VALUES[$i]}\" \"${plist}\"\n    done\n\n    # restore the original internal field separator value\n    IFS=$oldifs\n  else\n    echo \"warning:   A Info.plist build output file was not found (${plist})\"\n  fi\ndone\n\necho \"info: <- RNFB build script finished\"\n\n";
		};
		D8F470F146473364C59F0ADC /* [CP] Embed Pods Frameworks */ = {
			isa = PBXShellScriptBuildPhase;
			buildActionMask = 2147483647;
			files = (
			);
			inputPaths = (
				"${PODS_ROOT}/Target Support Files/Pods-Mobile/Pods-Mobile-frameworks.sh",
				"${PODS_ROOT}/../../node_modules/@notifee/react-native/ios/NotifeeCore.framework",
			);
			name = "[CP] Embed Pods Frameworks";
			outputPaths = (
				"${TARGET_BUILD_DIR}/${FRAMEWORKS_FOLDER_PATH}/NotifeeCore.framework",
			);
			runOnlyForDeploymentPostprocessing = 0;
			shellPath = /bin/sh;
			shellScript = "\"${PODS_ROOT}/Target Support Files/Pods-Mobile/Pods-Mobile-frameworks.sh\"\n";
			showEnvVarsInLog = 0;
		};
		E65EDAB930C4AB23E419525E /* [CP] Check Pods Manifest.lock */ = {
			isa = PBXShellScriptBuildPhase;
			buildActionMask = 2147483647;
			files = (
			);
			inputFileListPaths = (
			);
			inputPaths = (
				"${PODS_PODFILE_DIR_PATH}/Podfile.lock",
				"${PODS_ROOT}/Manifest.lock",
			);
			name = "[CP] Check Pods Manifest.lock";
			outputFileListPaths = (
			);
			outputPaths = (
				"$(DERIVED_FILE_DIR)/Pods-Mobile-MobileTests-checkManifestLockResult.txt",
			);
			runOnlyForDeploymentPostprocessing = 0;
			shellPath = /bin/sh;
			shellScript = "diff \"${PODS_PODFILE_DIR_PATH}/Podfile.lock\" \"${PODS_ROOT}/Manifest.lock\" > /dev/null\nif [ $? != 0 ] ; then\n    # print error to STDERR\n    echo \"error: The sandbox is not in sync with the Podfile.lock. Run 'pod install' or update your CocoaPods installation.\" >&2\n    exit 1\nfi\n# This output is used by Xcode 'outputs' to avoid re-running this script phase.\necho \"SUCCESS\" > \"${SCRIPT_OUTPUT_FILE_0}\"\n";
			showEnvVarsInLog = 0;
		};
		F13C62819C4705B1BE89C263 /* [CP-User] [NOTIFEE] Config */ = {
			isa = PBXShellScriptBuildPhase;
			buildActionMask = 2147483647;
			files = (
			);
			name = "[CP-User] [NOTIFEE] Config";
			runOnlyForDeploymentPostprocessing = 0;
			shellPath = /bin/sh;
			shellScript = "#!/usr/bin/env bash\n#\n# Copyright (c) 2016-present Invertase Limited & Contributors\n#\n# Licensed under the Apache License, Version 2.0 (the \"License\");\n# you may not use this library except in compliance with the License.\n# You may obtain a copy of the License at\n#\n#   http://www.apache.org/licenses/LICENSE-2.0\n#\nset -e\n\n_MAX_LOOKUPS=2;\n_SEARCH_RESULT=''\n_RN_ROOT_EXISTS=''\n_CURRENT_LOOKUPS=1\n_JSON_ROOT=\"'ios'\"\n_JSON_FILE_NAME='notifee.config.json'\n_JSON_OUTPUT_BASE64='e30=' # { }\n_CURRENT_SEARCH_DIR=${PROJECT_DIR}\n_PLIST_BUDDY=/usr/libexec/PlistBuddy\n_TARGET_PLIST=\"${BUILT_PRODUCTS_DIR}/${INFOPLIST_PATH}\"\n_DSYM_PLIST=\"${DWARF_DSYM_FOLDER_PATH}/${DWARF_DSYM_FILE_NAME}/Contents/Info.plist\"\n\n# plist arrays\n_PLIST_ENTRY_KEYS=()\n_PLIST_ENTRY_TYPES=()\n_PLIST_ENTRY_VALUES=()\n\nfunction setPlistValue {\n  echo \"info:      setting plist entry '$1' of type '$2' in file '$4'\"\n  ${_PLIST_BUDDY} -c \"Add :$1 $2 '$3'\" \"$4\" || echo \"info:      '$1' already exists\"\n}\n\necho \"info: -> NOTIFEE build script started\"\necho \"info: 1) Locating ${_JSON_FILE_NAME} file:\"\n\nif [[ -z ${_CURRENT_SEARCH_DIR} ]]; then\n  _CURRENT_SEARCH_DIR=$(pwd)\nfi;\n\nwhile true; do\n  _CURRENT_SEARCH_DIR=$(dirname \"$_CURRENT_SEARCH_DIR\")\n  if [[ \"$_CURRENT_SEARCH_DIR\" == \"/\" ]] || [[ ${_CURRENT_LOOKUPS} -gt ${_MAX_LOOKUPS} ]]; then break; fi;\n  echo \"info:      ($_CURRENT_LOOKUPS of $_MAX_LOOKUPS) Searching in '$_CURRENT_SEARCH_DIR' for a ${_JSON_FILE_NAME} file.\"\n  _SEARCH_RESULT=$(find \"$_CURRENT_SEARCH_DIR\" -maxdepth 2 -name ${_JSON_FILE_NAME} -print | head -n 1)\n  if [[ ${_SEARCH_RESULT} ]]; then\n    echo \"info:      ${_JSON_FILE_NAME} found at $_SEARCH_RESULT\"\n    break;\n  fi;\n  _CURRENT_LOOKUPS=$((_CURRENT_LOOKUPS+1))\ndone\n\nif [[ ${_SEARCH_RESULT} ]]; then\n  _JSON_OUTPUT_RAW=$(cat \"${_SEARCH_RESULT}\")\n  _RN_ROOT_EXISTS=$(ruby -e \"require 'rubygems';require 'json'; output=JSON.parse('$_JSON_OUTPUT_RAW'); puts output[$_JSON_ROOT]\" || echo '')\n\n  if [[ ${_RN_ROOT_EXISTS} ]]; then\n    _JSON_OUTPUT_BASE64=$(python -c 'import json,sys,base64;print(base64.b64encode(json.dumps(json.loads(open('\"'${_SEARCH_RESULT}'\"').read())['${_JSON_ROOT}'])))' || echo \"e30=\")\n  fi\n\n  _PLIST_ENTRY_KEYS+=(\"notifee_json_raw\")\n  _PLIST_ENTRY_TYPES+=(\"string\")\n  _PLIST_ENTRY_VALUES+=(\"$_JSON_OUTPUT_BASE64\")\nelse\n  _PLIST_ENTRY_KEYS+=(\"notifee_json_raw\")\n  _PLIST_ENTRY_TYPES+=(\"string\")\n  _PLIST_ENTRY_VALUES+=(\"$_JSON_OUTPUT_BASE64\")\n  echo \"warning:   A notifee.config.json file was not found.\"\nfi;\n\necho \"info: 2) Injecting Info.plist entries: \"\n\n# Log out the keys we're adding\nfor i in \"${!_PLIST_ENTRY_KEYS[@]}\"; do\n  echo \"    ->  $i) ${_PLIST_ENTRY_KEYS[$i]}\" \"${_PLIST_ENTRY_TYPES[$i]}\" \"${_PLIST_ENTRY_VALUES[$i]}\"\ndone\n\nfor plist in \"${_TARGET_PLIST}\" \"${_DSYM_PLIST}\" ; do\n  if [[ -f ${plist} ]]; then\n    for i in \"${!_PLIST_ENTRY_KEYS[@]}\"; do\n      setPlistValue \"${_PLIST_ENTRY_KEYS[$i]}\" \"${_PLIST_ENTRY_TYPES[$i]}\" \"${_PLIST_ENTRY_VALUES[$i]}\" \"${plist}\"\n    done\n  else\n    echo \"warning:   A Info.plist build output file was not found (${plist})\"\n  fi\ndone\n\necho \"info: <- NOTIFEE build script finished\"\n";
		};
		FD10A7F022414F080027D42C /* Start Packager */ = {
			isa = PBXShellScriptBuildPhase;
			buildActionMask = 2147483647;
			files = (
			);
			inputFileListPaths = (
			);
			inputPaths = (
			);
			name = "Start Packager";
			outputFileListPaths = (
			);
			outputPaths = (
			);
			runOnlyForDeploymentPostprocessing = 0;
			shellPath = /bin/sh;
			shellScript = "export RCT_METRO_PORT=\"${RCT_METRO_PORT:=8081}\"\necho \"export RCT_METRO_PORT=${RCT_METRO_PORT}\" > \"${SRCROOT}/../node_modules/react-native/scripts/.packager.env\"\nif [ -z \"${RCT_NO_LAUNCH_PACKAGER+xxx}\" ] ; then\n  if nc -w 5 -z localhost ${RCT_METRO_PORT} ; then\n    if ! curl -s \"http://localhost:${RCT_METRO_PORT}/status\" | grep -q \"packager-status:running\" ; then\n      echo \"Port ${RCT_METRO_PORT} already in use, packager is either not running or not running correctly\"\n      exit 2\n    fi\n  else\n    open \"$SRCROOT/../node_modules/react-native/scripts/launchPackager.command\" || echo \"Can't start packager automatically\"\n  fi\nfi\n";
			showEnvVarsInLog = 0;
		};
		FD10A7F122414F3F0027D42C /* Start Packager */ = {
			isa = PBXShellScriptBuildPhase;
			buildActionMask = 2147483647;
			files = (
			);
			inputFileListPaths = (
			);
			inputPaths = (
			);
			name = "Start Packager";
			outputFileListPaths = (
			);
			outputPaths = (
			);
			runOnlyForDeploymentPostprocessing = 0;
			shellPath = /bin/sh;
			shellScript = "export RCT_METRO_PORT=\"${RCT_METRO_PORT:=8081}\"\necho \"export RCT_METRO_PORT=${RCT_METRO_PORT}\" > \"${SRCROOT}/../node_modules/react-native/scripts/.packager.env\"\nif [ -z \"${RCT_NO_LAUNCH_PACKAGER+xxx}\" ] ; then\n  if nc -w 5 -z localhost ${RCT_METRO_PORT} ; then\n    if ! curl -s \"http://localhost:${RCT_METRO_PORT}/status\" | grep -q \"packager-status:running\" ; then\n      echo \"Port ${RCT_METRO_PORT} already in use, packager is either not running or not running correctly\"\n      exit 2\n    fi\n  else\n    open \"$SRCROOT/../node_modules/react-native/scripts/launchPackager.command\" || echo \"Can't start packager automatically\"\n  fi\nfi\n";
			showEnvVarsInLog = 0;
		};
		FDAF796DF645A12F49DA22FF /* [CP] Embed Pods Frameworks */ = {
			isa = PBXShellScriptBuildPhase;
			buildActionMask = 2147483647;
			files = (
			);
			inputPaths = (
				"${PODS_ROOT}/Target Support Files/Pods-Mobile-MobileTests/Pods-Mobile-MobileTests-frameworks.sh",
				"${PODS_ROOT}/../../node_modules/@notifee/react-native/ios/NotifeeCore.framework",
			);
			name = "[CP] Embed Pods Frameworks";
			outputPaths = (
				"${TARGET_BUILD_DIR}/${FRAMEWORKS_FOLDER_PATH}/NotifeeCore.framework",
			);
			runOnlyForDeploymentPostprocessing = 0;
			shellPath = /bin/sh;
			shellScript = "\"${PODS_ROOT}/Target Support Files/Pods-Mobile-MobileTests/Pods-Mobile-MobileTests-frameworks.sh\"\n";
			showEnvVarsInLog = 0;
		};
/* End PBXShellScriptBuildPhase section */

/* Begin PBXSourcesBuildPhase section */
		00E356EA1AD99517003FC87E /* Sources */ = {
			isa = PBXSourcesBuildPhase;
			buildActionMask = 2147483647;
			files = (
				00E356F31AD99517003FC87E /* MobileTests.m in Sources */,
			);
			runOnlyForDeploymentPostprocessing = 0;
		};
		13B07F871A680F5B00A75B9A /* Sources */ = {
			isa = PBXSourcesBuildPhase;
			buildActionMask = 2147483647;
			files = (
				7ECE90F82557895A00ABC96F /* bridge.swift in Sources */,
				13B07FBC1A68108700A75B9A /* AppDelegate.m in Sources */,
				13B07FC11A68108700A75B9A /* main.m in Sources */,
			);
			runOnlyForDeploymentPostprocessing = 0;
		};
		2D02E4771E0B4A5D006451C7 /* Sources */ = {
			isa = PBXSourcesBuildPhase;
			buildActionMask = 2147483647;
			files = (
				7ECE90F92557895A00ABC96F /* bridge.swift in Sources */,
				2D02E4BF1E0B4AB3006451C7 /* main.m in Sources */,
				2D02E4BC1E0B4A80006451C7 /* AppDelegate.m in Sources */,
			);
			runOnlyForDeploymentPostprocessing = 0;
		};
		2D02E48C1E0B4A5D006451C7 /* Sources */ = {
			isa = PBXSourcesBuildPhase;
			buildActionMask = 2147483647;
			files = (
				2DCD954D1E0B4F2C00145EB5 /* MobileTests.m in Sources */,
			);
			runOnlyForDeploymentPostprocessing = 0;
		};
/* End PBXSourcesBuildPhase section */

/* Begin PBXTargetDependency section */
		00E356F51AD99517003FC87E /* PBXTargetDependency */ = {
			isa = PBXTargetDependency;
			target = 13B07F861A680F5B00A75B9A /* Mobile */;
			targetProxy = 00E356F41AD99517003FC87E /* PBXContainerItemProxy */;
		};
		2D02E4921E0B4A5D006451C7 /* PBXTargetDependency */ = {
			isa = PBXTargetDependency;
			target = 2D02E47A1E0B4A5D006451C7 /* Mobile-tvOS */;
			targetProxy = 2D02E4911E0B4A5D006451C7 /* PBXContainerItemProxy */;
		};
/* End PBXTargetDependency section */

/* Begin XCBuildConfiguration section */
		00E356F61AD99517003FC87E /* Debug */ = {
			isa = XCBuildConfiguration;
			baseConfigurationReference = F1C55B79320F2CE3FEBA50D4 /* Pods-Mobile-MobileTests.debug.xcconfig */;
			buildSettings = {
				ALWAYS_EMBED_SWIFT_STANDARD_LIBRARIES = YES;
				BUNDLE_LOADER = "$(TEST_HOST)";
				GCC_PREPROCESSOR_DEFINITIONS = (
					"DEBUG=1",
					"$(inherited)",
				);
				INFOPLIST_FILE = MobileTests/Info.plist;
				IPHONEOS_DEPLOYMENT_TARGET = 10.0;
				LD_RUNPATH_SEARCH_PATHS = "$(inherited) @executable_path/Frameworks @loader_path/Frameworks";
				OTHER_LDFLAGS = (
					"-ObjC",
					"-lc++",
					"$(inherited)",
				);
				PRODUCT_BUNDLE_IDENTIFIER = "org.reactjs.native.example.$(PRODUCT_NAME:rfc1034identifier)";
				PRODUCT_NAME = "$(TARGET_NAME)";
				TEST_HOST = "$(BUILT_PRODUCTS_DIR)/Mobile.app/Mobile";
			};
			name = Debug;
		};
		00E356F71AD99517003FC87E /* Release */ = {
			isa = XCBuildConfiguration;
			baseConfigurationReference = ECB279FB3C87FFA89C61761E /* Pods-Mobile-MobileTests.release.xcconfig */;
			buildSettings = {
				ALWAYS_EMBED_SWIFT_STANDARD_LIBRARIES = YES;
				BUNDLE_LOADER = "$(TEST_HOST)";
				COPY_PHASE_STRIP = NO;
				INFOPLIST_FILE = MobileTests/Info.plist;
				IPHONEOS_DEPLOYMENT_TARGET = 10.0;
				LD_RUNPATH_SEARCH_PATHS = "$(inherited) @executable_path/Frameworks @loader_path/Frameworks";
				OTHER_LDFLAGS = (
					"-ObjC",
					"-lc++",
					"$(inherited)",
				);
				PRODUCT_BUNDLE_IDENTIFIER = "org.reactjs.native.example.$(PRODUCT_NAME:rfc1034identifier)";
				PRODUCT_NAME = "$(TARGET_NAME)";
				TEST_HOST = "$(BUILT_PRODUCTS_DIR)/Mobile.app/Mobile";
			};
			name = Release;
		};
		13B07F941A680F5B00A75B9A /* Debug */ = {
			isa = XCBuildConfiguration;
			baseConfigurationReference = DD6B5674D7A74221CF094B80 /* Pods-Mobile.debug.xcconfig */;
			buildSettings = {
				ASSETCATALOG_COMPILER_APPICON_NAME = AppIcon;
				CLANG_ENABLE_MODULES = YES;
				CODE_SIGN_ENTITLEMENTS = "Mobile/Real Estate.entitlements";
				CURRENT_PROJECT_VERSION = 1;
				DEVELOPMENT_TEAM = 5H3BC22TC5;
				ENABLE_BITCODE = NO;
				INFOPLIST_FILE = Mobile/Info.plist;
				IPHONEOS_DEPLOYMENT_TARGET = 11.0;
				LD_RUNPATH_SEARCH_PATHS = "$(inherited) @executable_path/Frameworks";
				MARKETING_VERSION = 1.7;
				OTHER_LDFLAGS = (
					"$(inherited)",
					"-ObjC",
					"-lc++",
				);
				PRODUCT_BUNDLE_IDENTIFIER = com.dtechno.dapp.premium;
				PRODUCT_NAME = "Dapp Premium";
				SWIFT_OBJC_BRIDGING_HEADER = "Mobile-Bridging-Header.h";
				SWIFT_OPTIMIZATION_LEVEL = "-Onone";
				SWIFT_VERSION = 5.0;
				VERSIONING_SYSTEM = "apple-generic";
			};
			name = Debug;
		};
		13B07F951A680F5B00A75B9A /* Release */ = {
			isa = XCBuildConfiguration;
			baseConfigurationReference = 581C58185067E6022B284081 /* Pods-Mobile.release.xcconfig */;
			buildSettings = {
				ASSETCATALOG_COMPILER_APPICON_NAME = AppIcon;
				CLANG_ENABLE_MODULES = YES;
				CODE_SIGN_ENTITLEMENTS = "Mobile/Real Estate.entitlements";
				CURRENT_PROJECT_VERSION = 1;
				DEVELOPMENT_TEAM = 5H3BC22TC5;
				ENABLE_BITCODE = NO;
				INFOPLIST_FILE = Mobile/Info.plist;
				IPHONEOS_DEPLOYMENT_TARGET = 11.0;
				LD_RUNPATH_SEARCH_PATHS = "$(inherited) @executable_path/Frameworks";
				MARKETING_VERSION = 1.7;
				OTHER_LDFLAGS = (
					"$(inherited)",
					"-ObjC",
					"-lc++",
				);
				PRODUCT_BUNDLE_IDENTIFIER = com.dtechno.dapp.premium;
				PRODUCT_NAME = "Dapp Premium";
				SWIFT_OBJC_BRIDGING_HEADER = "Mobile-Bridging-Header.h";
				SWIFT_VERSION = 5.0;
				VERSIONING_SYSTEM = "apple-generic";
			};
			name = Release;
		};
		2D02E4971E0B4A5E006451C7 /* Debug */ = {
			isa = XCBuildConfiguration;
			baseConfigurationReference = 825C83331951C13D6F0ACE85 /* Pods-Mobile-tvOS.debug.xcconfig */;
			buildSettings = {
				ASSETCATALOG_COMPILER_APPICON_NAME = "App Icon & Top Shelf Image";
				ASSETCATALOG_COMPILER_LAUNCHIMAGE_NAME = LaunchImage;
				CLANG_ANALYZER_NONNULL = YES;
				CLANG_ENABLE_MODULES = YES;
				CLANG_WARN_DOCUMENTATION_COMMENTS = YES;
				CLANG_WARN_INFINITE_RECURSION = YES;
				CLANG_WARN_SUSPICIOUS_MOVE = YES;
				DEBUG_INFORMATION_FORMAT = dwarf;
				ENABLE_TESTABILITY = YES;
				GCC_NO_COMMON_BLOCKS = YES;
				INFOPLIST_FILE = "Mobile-tvOS/Info.plist";
				LD_RUNPATH_SEARCH_PATHS = "$(inherited) @executable_path/Frameworks";
				OTHER_LDFLAGS = (
					"$(inherited)",
					"-ObjC",
					"-lc++",
				);
				PRODUCT_BUNDLE_IDENTIFIER = "org.reactjs.native.example.Mobile-tvOS";
				PRODUCT_NAME = "$(TARGET_NAME)";
				SDKROOT = appletvos;
				SWIFT_OBJC_BRIDGING_HEADER = "Mobile-tvOS-Bridging-Header.h";
				SWIFT_OPTIMIZATION_LEVEL = "-Onone";
				SWIFT_VERSION = 5.0;
				TARGETED_DEVICE_FAMILY = 3;
				TVOS_DEPLOYMENT_TARGET = 10.0;
			};
			name = Debug;
		};
		2D02E4981E0B4A5E006451C7 /* Release */ = {
			isa = XCBuildConfiguration;
			baseConfigurationReference = 95FDDAFCF1B6277FD19BF669 /* Pods-Mobile-tvOS.release.xcconfig */;
			buildSettings = {
				ASSETCATALOG_COMPILER_APPICON_NAME = "App Icon & Top Shelf Image";
				ASSETCATALOG_COMPILER_LAUNCHIMAGE_NAME = LaunchImage;
				CLANG_ANALYZER_NONNULL = YES;
				CLANG_ENABLE_MODULES = YES;
				CLANG_WARN_DOCUMENTATION_COMMENTS = YES;
				CLANG_WARN_INFINITE_RECURSION = YES;
				CLANG_WARN_SUSPICIOUS_MOVE = YES;
				COPY_PHASE_STRIP = NO;
				DEBUG_INFORMATION_FORMAT = "dwarf-with-dsym";
				GCC_NO_COMMON_BLOCKS = YES;
				INFOPLIST_FILE = "Mobile-tvOS/Info.plist";
				LD_RUNPATH_SEARCH_PATHS = "$(inherited) @executable_path/Frameworks";
				OTHER_LDFLAGS = (
					"$(inherited)",
					"-ObjC",
					"-lc++",
				);
				PRODUCT_BUNDLE_IDENTIFIER = "org.reactjs.native.example.Mobile-tvOS";
				PRODUCT_NAME = "$(TARGET_NAME)";
				SDKROOT = appletvos;
				SWIFT_OBJC_BRIDGING_HEADER = "Mobile-tvOS-Bridging-Header.h";
				SWIFT_VERSION = 5.0;
				TARGETED_DEVICE_FAMILY = 3;
				TVOS_DEPLOYMENT_TARGET = 10.0;
			};
			name = Release;
		};
		2D02E4991E0B4A5E006451C7 /* Debug */ = {
			isa = XCBuildConfiguration;
			baseConfigurationReference = F54189546E4F3A954902ED9B /* Pods-Mobile-tvOSTests.debug.xcconfig */;
			buildSettings = {
				ALWAYS_EMBED_SWIFT_STANDARD_LIBRARIES = YES;
				BUNDLE_LOADER = "$(TEST_HOST)";
				CLANG_ANALYZER_NONNULL = YES;
				CLANG_WARN_DOCUMENTATION_COMMENTS = YES;
				CLANG_WARN_INFINITE_RECURSION = YES;
				CLANG_WARN_SUSPICIOUS_MOVE = YES;
				DEBUG_INFORMATION_FORMAT = dwarf;
				ENABLE_TESTABILITY = YES;
				GCC_NO_COMMON_BLOCKS = YES;
				INFOPLIST_FILE = "Mobile-tvOSTests/Info.plist";
				LD_RUNPATH_SEARCH_PATHS = "$(inherited) @executable_path/Frameworks @loader_path/Frameworks";
				OTHER_LDFLAGS = (
					"$(inherited)",
					"-ObjC",
					"-lc++",
				);
				PRODUCT_BUNDLE_IDENTIFIER = "org.reactjs.native.example.Mobile-tvOSTests";
				PRODUCT_NAME = "$(TARGET_NAME)";
				SDKROOT = appletvos;
				TEST_HOST = "$(BUILT_PRODUCTS_DIR)/Mobile-tvOS.app/Mobile-tvOS";
				TVOS_DEPLOYMENT_TARGET = 10.1;
			};
			name = Debug;
		};
		2D02E49A1E0B4A5E006451C7 /* Release */ = {
			isa = XCBuildConfiguration;
			baseConfigurationReference = 349BB3E75F45CBFC10C95267 /* Pods-Mobile-tvOSTests.release.xcconfig */;
			buildSettings = {
				ALWAYS_EMBED_SWIFT_STANDARD_LIBRARIES = YES;
				BUNDLE_LOADER = "$(TEST_HOST)";
				CLANG_ANALYZER_NONNULL = YES;
				CLANG_WARN_DOCUMENTATION_COMMENTS = YES;
				CLANG_WARN_INFINITE_RECURSION = YES;
				CLANG_WARN_SUSPICIOUS_MOVE = YES;
				COPY_PHASE_STRIP = NO;
				DEBUG_INFORMATION_FORMAT = "dwarf-with-dsym";
				GCC_NO_COMMON_BLOCKS = YES;
				INFOPLIST_FILE = "Mobile-tvOSTests/Info.plist";
				LD_RUNPATH_SEARCH_PATHS = "$(inherited) @executable_path/Frameworks @loader_path/Frameworks";
				OTHER_LDFLAGS = (
					"$(inherited)",
					"-ObjC",
					"-lc++",
				);
				PRODUCT_BUNDLE_IDENTIFIER = "org.reactjs.native.example.Mobile-tvOSTests";
				PRODUCT_NAME = "$(TARGET_NAME)";
				SDKROOT = appletvos;
				TEST_HOST = "$(BUILT_PRODUCTS_DIR)/Mobile-tvOS.app/Mobile-tvOS";
				TVOS_DEPLOYMENT_TARGET = 10.1;
			};
			name = Release;
		};
		83CBBA201A601CBA00E9B192 /* Debug */ = {
			isa = XCBuildConfiguration;
			buildSettings = {
				ALWAYS_SEARCH_USER_PATHS = NO;
				CLANG_ANALYZER_LOCALIZABILITY_NONLOCALIZED = YES;
				CLANG_CXX_LANGUAGE_STANDARD = "gnu++0x";
				CLANG_CXX_LIBRARY = "libc++";
				CLANG_ENABLE_MODULES = YES;
				CLANG_ENABLE_OBJC_ARC = YES;
				CLANG_WARN_BLOCK_CAPTURE_AUTORELEASING = YES;
				CLANG_WARN_BOOL_CONVERSION = YES;
				CLANG_WARN_COMMA = YES;
				CLANG_WARN_CONSTANT_CONVERSION = YES;
				CLANG_WARN_DEPRECATED_OBJC_IMPLEMENTATIONS = YES;
				CLANG_WARN_DIRECT_OBJC_ISA_USAGE = YES_ERROR;
				CLANG_WARN_EMPTY_BODY = YES;
				CLANG_WARN_ENUM_CONVERSION = YES;
				CLANG_WARN_INFINITE_RECURSION = YES;
				CLANG_WARN_INT_CONVERSION = YES;
				CLANG_WARN_NON_LITERAL_NULL_CONVERSION = YES;
				CLANG_WARN_OBJC_IMPLICIT_RETAIN_SELF = YES;
				CLANG_WARN_OBJC_LITERAL_CONVERSION = YES;
				CLANG_WARN_OBJC_ROOT_CLASS = YES_ERROR;
				CLANG_WARN_RANGE_LOOP_ANALYSIS = YES;
				CLANG_WARN_STRICT_PROTOTYPES = YES;
				CLANG_WARN_SUSPICIOUS_MOVE = YES;
				CLANG_WARN_UNREACHABLE_CODE = YES;
				CLANG_WARN__DUPLICATE_METHOD_MATCH = YES;
				"CODE_SIGN_IDENTITY[sdk=iphoneos*]" = "iPhone Developer";
				COPY_PHASE_STRIP = NO;
				ENABLE_STRICT_OBJC_MSGSEND = YES;
				ENABLE_TESTABILITY = YES;
				GCC_C_LANGUAGE_STANDARD = gnu99;
				GCC_DYNAMIC_NO_PIC = NO;
				GCC_NO_COMMON_BLOCKS = YES;
				GCC_OPTIMIZATION_LEVEL = 0;
				GCC_PREPROCESSOR_DEFINITIONS = (
					"DEBUG=1",
					"$(inherited)",
				);
				GCC_SYMBOLS_PRIVATE_EXTERN = NO;
				GCC_WARN_64_TO_32_BIT_CONVERSION = YES;
				GCC_WARN_ABOUT_RETURN_TYPE = YES_ERROR;
				GCC_WARN_UNDECLARED_SELECTOR = YES;
				GCC_WARN_UNINITIALIZED_AUTOS = YES_AGGRESSIVE;
				GCC_WARN_UNUSED_FUNCTION = YES;
				GCC_WARN_UNUSED_VARIABLE = YES;
				IPHONEOS_DEPLOYMENT_TARGET = 10.0;
				LD_RUNPATH_SEARCH_PATHS = "/usr/lib/swift $(inherited)";
				LIBRARY_SEARCH_PATHS = (
					"\"$(TOOLCHAIN_DIR)/usr/lib/swift/$(PLATFORM_NAME)\"",
					"\"$(TOOLCHAIN_DIR)/usr/lib/swift-5.0/$(PLATFORM_NAME)\"",
					"\"$(inherited)\"",
				);
				MTL_ENABLE_DEBUG_INFO = YES;
				ONLY_ACTIVE_ARCH = YES;
				SDKROOT = iphoneos;
			};
			name = Debug;
		};
		83CBBA211A601CBA00E9B192 /* Release */ = {
			isa = XCBuildConfiguration;
			buildSettings = {
				ALWAYS_SEARCH_USER_PATHS = NO;
				CLANG_ANALYZER_LOCALIZABILITY_NONLOCALIZED = YES;
				CLANG_CXX_LANGUAGE_STANDARD = "gnu++0x";
				CLANG_CXX_LIBRARY = "libc++";
				CLANG_ENABLE_MODULES = YES;
				CLANG_ENABLE_OBJC_ARC = YES;
				CLANG_WARN_BLOCK_CAPTURE_AUTORELEASING = YES;
				CLANG_WARN_BOOL_CONVERSION = YES;
				CLANG_WARN_COMMA = YES;
				CLANG_WARN_CONSTANT_CONVERSION = YES;
				CLANG_WARN_DEPRECATED_OBJC_IMPLEMENTATIONS = YES;
				CLANG_WARN_DIRECT_OBJC_ISA_USAGE = YES_ERROR;
				CLANG_WARN_EMPTY_BODY = YES;
				CLANG_WARN_ENUM_CONVERSION = YES;
				CLANG_WARN_INFINITE_RECURSION = YES;
				CLANG_WARN_INT_CONVERSION = YES;
				CLANG_WARN_NON_LITERAL_NULL_CONVERSION = YES;
				CLANG_WARN_OBJC_IMPLICIT_RETAIN_SELF = YES;
				CLANG_WARN_OBJC_LITERAL_CONVERSION = YES;
				CLANG_WARN_OBJC_ROOT_CLASS = YES_ERROR;
				CLANG_WARN_RANGE_LOOP_ANALYSIS = YES;
				CLANG_WARN_STRICT_PROTOTYPES = YES;
				CLANG_WARN_SUSPICIOUS_MOVE = YES;
				CLANG_WARN_UNREACHABLE_CODE = YES;
				CLANG_WARN__DUPLICATE_METHOD_MATCH = YES;
				"CODE_SIGN_IDENTITY[sdk=iphoneos*]" = "iPhone Developer";
				COPY_PHASE_STRIP = YES;
				ENABLE_NS_ASSERTIONS = NO;
				ENABLE_STRICT_OBJC_MSGSEND = YES;
				GCC_C_LANGUAGE_STANDARD = gnu99;
				GCC_NO_COMMON_BLOCKS = YES;
				GCC_WARN_64_TO_32_BIT_CONVERSION = YES;
				GCC_WARN_ABOUT_RETURN_TYPE = YES_ERROR;
				GCC_WARN_UNDECLARED_SELECTOR = YES;
				GCC_WARN_UNINITIALIZED_AUTOS = YES_AGGRESSIVE;
				GCC_WARN_UNUSED_FUNCTION = YES;
				GCC_WARN_UNUSED_VARIABLE = YES;
				IPHONEOS_DEPLOYMENT_TARGET = 10.0;
				LD_RUNPATH_SEARCH_PATHS = "/usr/lib/swift $(inherited)";
				LIBRARY_SEARCH_PATHS = (
					"\"$(TOOLCHAIN_DIR)/usr/lib/swift/$(PLATFORM_NAME)\"",
					"\"$(TOOLCHAIN_DIR)/usr/lib/swift-5.0/$(PLATFORM_NAME)\"",
					"\"$(inherited)\"",
				);
				MTL_ENABLE_DEBUG_INFO = NO;
				SDKROOT = iphoneos;
				VALIDATE_PRODUCT = YES;
			};
			name = Release;
		};
/* End XCBuildConfiguration section */

/* Begin XCConfigurationList section */
		00E357021AD99517003FC87E /* Build configuration list for PBXNativeTarget "MobileTests" */ = {
			isa = XCConfigurationList;
			buildConfigurations = (
				00E356F61AD99517003FC87E /* Debug */,
				00E356F71AD99517003FC87E /* Release */,
			);
			defaultConfigurationIsVisible = 0;
			defaultConfigurationName = Release;
		};
		13B07F931A680F5B00A75B9A /* Build configuration list for PBXNativeTarget "Mobile" */ = {
			isa = XCConfigurationList;
			buildConfigurations = (
				13B07F941A680F5B00A75B9A /* Debug */,
				13B07F951A680F5B00A75B9A /* Release */,
			);
			defaultConfigurationIsVisible = 0;
			defaultConfigurationName = Release;
		};
		2D02E4BA1E0B4A5E006451C7 /* Build configuration list for PBXNativeTarget "Mobile-tvOS" */ = {
			isa = XCConfigurationList;
			buildConfigurations = (
				2D02E4971E0B4A5E006451C7 /* Debug */,
				2D02E4981E0B4A5E006451C7 /* Release */,
			);
			defaultConfigurationIsVisible = 0;
			defaultConfigurationName = Release;
		};
		2D02E4BB1E0B4A5E006451C7 /* Build configuration list for PBXNativeTarget "Mobile-tvOSTests" */ = {
			isa = XCConfigurationList;
			buildConfigurations = (
				2D02E4991E0B4A5E006451C7 /* Debug */,
				2D02E49A1E0B4A5E006451C7 /* Release */,
			);
			defaultConfigurationIsVisible = 0;
			defaultConfigurationName = Release;
		};
		83CBB9FA1A601CBA00E9B192 /* Build configuration list for PBXProject "Mobile" */ = {
			isa = XCConfigurationList;
			buildConfigurations = (
				83CBBA201A601CBA00E9B192 /* Debug */,
				83CBBA211A601CBA00E9B192 /* Release */,
			);
			defaultConfigurationIsVisible = 0;
			defaultConfigurationName = Release;
		};
/* End XCConfigurationList section */
	};
	rootObject = 83CBB9F71A601CBA00E9B192 /* Project object */;
}
